Microsoft Visual Studio Solution File, Format Version 12.00
# Visual Studio 15
VisualStudioVersion = 15.0.27130.2027
MinimumVisualStudioVersion = 10.0.40219.1
Project("{FAE04EC0-301F-11D3-BF4B-00C04F79EFBC}") = "Discord UWP", "Discord UWP.csproj", "{BA48EDC4-2A93-4CA0-99B5-DFA8AED075A4}"
	ProjectSection(ProjectDependencies) = postProject
		{03C1FC3A-410F-46D9-802B-316C7280E180} = {03C1FC3A-410F-46D9-802B-316C7280E180}
	EndProjectSection
EndProject
Project("{FAE04EC0-301F-11D3-BF4B-00C04F79EFBC}") = "DiscordBackgroundTask1", "DiscordBackgroundTask1\DiscordBackgroundTask1.csproj", "{89E34785-A142-43DC-8916-41CD073E9BBE}"
	ProjectSection(ProjectDependencies) = postProject
		{03C1FC3A-410F-46D9-802B-316C7280E180} = {03C1FC3A-410F-46D9-802B-316C7280E180}
	EndProjectSection
EndProject
Project("{FAE04EC0-301F-11D3-BF4B-00C04F79EFBC}") = "UpdateNotificationTask", "UpdateNotificationTask\UpdateNotificationTask.csproj", "{E8978980-DA38-480B-850B-0BBD28BAA6FC}"
EndProject
Project("{FAE04EC0-301F-11D3-BF4B-00C04F79EFBC}") = "GiphyAPI", "GiphyAPI\GiphyAPI.csproj", "{CF993DF8-E392-44B4-AFA7-4DA1750D24F2}"
EndProject
Project("{8BC9CEB8-8B4A-11D0-8D11-00A0C91BC942}") = "SodiumC", "SodiumC\SodiumC.vcxproj", "{E7AC7946-CA02-4DD6-A168-37AC806F9E18}"
EndProject
Project("{FAE04EC0-301F-11D3-BF4B-00C04F79EFBC}") = "Tester", "Tester\Tester.csproj", "{8856F3DC-9BAE-4545-A8BA-103C4DD7857A}"
EndProject
Project("{FAE04EC0-301F-11D3-BF4B-00C04F79EFBC}") = "RuntimeComponent", "RuntimeComponent\RuntimeComponent.csproj", "{7A537745-CE73-4C4A-9FC5-0B6D28CA891C}"
EndProject
Project("{FAE04EC0-301F-11D3-BF4B-00C04F79EFBC}") = "InvisibleBackgroundTask", "InvisibleBackgroundTask\InvisibleBackgroundTask.csproj", "{54FC239A-42F9-4E75-A001-61098D6416A7}"
EndProject
Project("{FAE04EC0-301F-11D3-BF4B-00C04F79EFBC}") = "DiscordAPI", "DiscordAPI\DiscordAPI.csproj", "{03C1FC3A-410F-46D9-802B-316C7280E180}"
EndProject
Project("{FAE04EC0-301F-11D3-BF4B-00C04F79EFBC}") = "NamedPipeServer", "NamedPipeServer\NamedPipeServer.csproj", "{1D0FE2AB-1288-40EB-9408-9AA73F30D264}"
EndProject
Project("{FAE04EC0-301F-11D3-BF4B-00C04F79EFBC}") = "QuarrelPresenceAPI", "..\QuarrelPresenceAPI\QuarrelPresenceAPI.csproj", "{FD3CEAFE-AD69-43E3-9D26-80F2E2ABD2B8}"
EndProject
Global
	GlobalSection(SolutionConfigurationPlatforms) = preSolution
		Debug|Any CPU = Debug|Any CPU
		Debug|ARM = Debug|ARM
		Debug|x64 = Debug|x64
		Debug|x86 = Debug|x86
		Release|Any CPU = Release|Any CPU
		Release|ARM = Release|ARM
		Release|x64 = Release|x64
		Release|x86 = Release|x86
	EndGlobalSection
	GlobalSection(ProjectConfigurationPlatforms) = postSolution
		{BA48EDC4-2A93-4CA0-99B5-DFA8AED075A4}.Debug|Any CPU.ActiveCfg = Debug|x86
		{BA48EDC4-2A93-4CA0-99B5-DFA8AED075A4}.Debug|ARM.ActiveCfg = Debug|ARM
		{BA48EDC4-2A93-4CA0-99B5-DFA8AED075A4}.Debug|ARM.Build.0 = Debug|ARM
		{BA48EDC4-2A93-4CA0-99B5-DFA8AED075A4}.Debug|ARM.Deploy.0 = Debug|ARM
		{BA48EDC4-2A93-4CA0-99B5-DFA8AED075A4}.Debug|x64.ActiveCfg = Debug|x64
		{BA48EDC4-2A93-4CA0-99B5-DFA8AED075A4}.Debug|x64.Build.0 = Debug|x64
		{BA48EDC4-2A93-4CA0-99B5-DFA8AED075A4}.Debug|x64.Deploy.0 = Debug|x64
		{BA48EDC4-2A93-4CA0-99B5-DFA8AED075A4}.Debug|x86.ActiveCfg = Debug|x86
		{BA48EDC4-2A93-4CA0-99B5-DFA8AED075A4}.Debug|x86.Build.0 = Debug|x86
		{BA48EDC4-2A93-4CA0-99B5-DFA8AED075A4}.Debug|x86.Deploy.0 = Debug|x86
		{BA48EDC4-2A93-4CA0-99B5-DFA8AED075A4}.Release|Any CPU.ActiveCfg = Release|x86
		{BA48EDC4-2A93-4CA0-99B5-DFA8AED075A4}.Release|ARM.ActiveCfg = Release|ARM
		{BA48EDC4-2A93-4CA0-99B5-DFA8AED075A4}.Release|ARM.Build.0 = Release|ARM
		{BA48EDC4-2A93-4CA0-99B5-DFA8AED075A4}.Release|ARM.Deploy.0 = Release|ARM
		{BA48EDC4-2A93-4CA0-99B5-DFA8AED075A4}.Release|x64.ActiveCfg = Release|x64
		{BA48EDC4-2A93-4CA0-99B5-DFA8AED075A4}.Release|x64.Build.0 = Release|x64
		{BA48EDC4-2A93-4CA0-99B5-DFA8AED075A4}.Release|x64.Deploy.0 = Release|x64
		{BA48EDC4-2A93-4CA0-99B5-DFA8AED075A4}.Release|x86.ActiveCfg = Release|x86
		{BA48EDC4-2A93-4CA0-99B5-DFA8AED075A4}.Release|x86.Build.0 = Release|x86
		{BA48EDC4-2A93-4CA0-99B5-DFA8AED075A4}.Release|x86.Deploy.0 = Release|x86
		{89E34785-A142-43DC-8916-41CD073E9BBE}.Debug|Any CPU.ActiveCfg = Debug|x86
		{89E34785-A142-43DC-8916-41CD073E9BBE}.Debug|ARM.ActiveCfg = Debug|ARM
		{89E34785-A142-43DC-8916-41CD073E9BBE}.Debug|ARM.Build.0 = Debug|ARM
		{89E34785-A142-43DC-8916-41CD073E9BBE}.Debug|x64.ActiveCfg = Debug|x64
		{89E34785-A142-43DC-8916-41CD073E9BBE}.Debug|x64.Build.0 = Debug|x64
		{89E34785-A142-43DC-8916-41CD073E9BBE}.Debug|x86.ActiveCfg = Debug|x86
		{89E34785-A142-43DC-8916-41CD073E9BBE}.Debug|x86.Build.0 = Debug|x86
		{89E34785-A142-43DC-8916-41CD073E9BBE}.Release|Any CPU.ActiveCfg = Release|x86
		{89E34785-A142-43DC-8916-41CD073E9BBE}.Release|ARM.ActiveCfg = Release|ARM
		{89E34785-A142-43DC-8916-41CD073E9BBE}.Release|ARM.Build.0 = Release|ARM
		{89E34785-A142-43DC-8916-41CD073E9BBE}.Release|x64.ActiveCfg = Release|x64
		{89E34785-A142-43DC-8916-41CD073E9BBE}.Release|x64.Build.0 = Release|x64
		{89E34785-A142-43DC-8916-41CD073E9BBE}.Release|x86.ActiveCfg = Release|x86
		{89E34785-A142-43DC-8916-41CD073E9BBE}.Release|x86.Build.0 = Release|x86
		{E8978980-DA38-480B-850B-0BBD28BAA6FC}.Debug|Any CPU.ActiveCfg = Debug|x86
		{E8978980-DA38-480B-850B-0BBD28BAA6FC}.Debug|ARM.ActiveCfg = Debug|ARM
		{E8978980-DA38-480B-850B-0BBD28BAA6FC}.Debug|ARM.Build.0 = Debug|ARM
		{E8978980-DA38-480B-850B-0BBD28BAA6FC}.Debug|x64.ActiveCfg = Debug|x64
		{E8978980-DA38-480B-850B-0BBD28BAA6FC}.Debug|x64.Build.0 = Debug|x64
		{E8978980-DA38-480B-850B-0BBD28BAA6FC}.Debug|x86.ActiveCfg = Debug|x86
		{E8978980-DA38-480B-850B-0BBD28BAA6FC}.Debug|x86.Build.0 = Debug|x86
		{E8978980-DA38-480B-850B-0BBD28BAA6FC}.Release|Any CPU.ActiveCfg = Release|x86
		{E8978980-DA38-480B-850B-0BBD28BAA6FC}.Release|ARM.ActiveCfg = Release|ARM
		{E8978980-DA38-480B-850B-0BBD28BAA6FC}.Release|ARM.Build.0 = Release|ARM
		{E8978980-DA38-480B-850B-0BBD28BAA6FC}.Release|x64.ActiveCfg = Release|x64
		{E8978980-DA38-480B-850B-0BBD28BAA6FC}.Release|x64.Build.0 = Release|x64
		{E8978980-DA38-480B-850B-0BBD28BAA6FC}.Release|x86.ActiveCfg = Release|x86
		{E8978980-DA38-480B-850B-0BBD28BAA6FC}.Release|x86.Build.0 = Release|x86
		{CF993DF8-E392-44B4-AFA7-4DA1750D24F2}.Debug|Any CPU.ActiveCfg = Debug|x86
		{CF993DF8-E392-44B4-AFA7-4DA1750D24F2}.Debug|ARM.ActiveCfg = Debug|ARM
		{CF993DF8-E392-44B4-AFA7-4DA1750D24F2}.Debug|ARM.Build.0 = Debug|ARM
		{CF993DF8-E392-44B4-AFA7-4DA1750D24F2}.Debug|x64.ActiveCfg = Debug|x64
		{CF993DF8-E392-44B4-AFA7-4DA1750D24F2}.Debug|x64.Build.0 = Debug|x64
		{CF993DF8-E392-44B4-AFA7-4DA1750D24F2}.Debug|x86.ActiveCfg = Debug|x86
		{CF993DF8-E392-44B4-AFA7-4DA1750D24F2}.Debug|x86.Build.0 = Debug|x86
		{CF993DF8-E392-44B4-AFA7-4DA1750D24F2}.Release|Any CPU.ActiveCfg = Release|x86
		{CF993DF8-E392-44B4-AFA7-4DA1750D24F2}.Release|ARM.ActiveCfg = Release|ARM
		{CF993DF8-E392-44B4-AFA7-4DA1750D24F2}.Release|ARM.Build.0 = Release|ARM
		{CF993DF8-E392-44B4-AFA7-4DA1750D24F2}.Release|x64.ActiveCfg = Release|x64
		{CF993DF8-E392-44B4-AFA7-4DA1750D24F2}.Release|x64.Build.0 = Release|x64
		{CF993DF8-E392-44B4-AFA7-4DA1750D24F2}.Release|x86.ActiveCfg = Release|x86
		{CF993DF8-E392-44B4-AFA7-4DA1750D24F2}.Release|x86.Build.0 = Release|x86
		{E7AC7946-CA02-4DD6-A168-37AC806F9E18}.Debug|Any CPU.ActiveCfg = Debug|Win32
		{E7AC7946-CA02-4DD6-A168-37AC806F9E18}.Debug|ARM.ActiveCfg = Release|ARM
		{E7AC7946-CA02-4DD6-A168-37AC806F9E18}.Debug|ARM.Build.0 = Release|ARM
		{E7AC7946-CA02-4DD6-A168-37AC806F9E18}.Debug|x64.ActiveCfg = Release|x64
		{E7AC7946-CA02-4DD6-A168-37AC806F9E18}.Debug|x64.Build.0 = Release|x64
		{E7AC7946-CA02-4DD6-A168-37AC806F9E18}.Debug|x86.ActiveCfg = Release|Win32
		{E7AC7946-CA02-4DD6-A168-37AC806F9E18}.Debug|x86.Build.0 = Release|Win32
		{E7AC7946-CA02-4DD6-A168-37AC806F9E18}.Release|Any CPU.ActiveCfg = Release|Win32
		{E7AC7946-CA02-4DD6-A168-37AC806F9E18}.Release|ARM.ActiveCfg = Release|ARM
		{E7AC7946-CA02-4DD6-A168-37AC806F9E18}.Release|ARM.Build.0 = Release|ARM
		{E7AC7946-CA02-4DD6-A168-37AC806F9E18}.Release|x64.ActiveCfg = Release|x64
		{E7AC7946-CA02-4DD6-A168-37AC806F9E18}.Release|x64.Build.0 = Release|x64
		{E7AC7946-CA02-4DD6-A168-37AC806F9E18}.Release|x86.ActiveCfg = Release|Win32
		{E7AC7946-CA02-4DD6-A168-37AC806F9E18}.Release|x86.Build.0 = Release|Win32
		{8856F3DC-9BAE-4545-A8BA-103C4DD7857A}.Debug|Any CPU.ActiveCfg = Debug|x86
		{8856F3DC-9BAE-4545-A8BA-103C4DD7857A}.Debug|ARM.ActiveCfg = Debug|ARM
		{8856F3DC-9BAE-4545-A8BA-103C4DD7857A}.Debug|ARM.Build.0 = Debug|ARM
		{8856F3DC-9BAE-4545-A8BA-103C4DD7857A}.Debug|ARM.Deploy.0 = Debug|ARM
		{8856F3DC-9BAE-4545-A8BA-103C4DD7857A}.Debug|x64.ActiveCfg = Debug|x64
		{8856F3DC-9BAE-4545-A8BA-103C4DD7857A}.Debug|x64.Build.0 = Debug|x64
		{8856F3DC-9BAE-4545-A8BA-103C4DD7857A}.Debug|x64.Deploy.0 = Debug|x64
		{8856F3DC-9BAE-4545-A8BA-103C4DD7857A}.Debug|x86.ActiveCfg = Debug|x86
		{8856F3DC-9BAE-4545-A8BA-103C4DD7857A}.Debug|x86.Build.0 = Debug|x86
		{8856F3DC-9BAE-4545-A8BA-103C4DD7857A}.Debug|x86.Deploy.0 = Debug|x86
		{8856F3DC-9BAE-4545-A8BA-103C4DD7857A}.Release|Any CPU.ActiveCfg = Release|x86
		{8856F3DC-9BAE-4545-A8BA-103C4DD7857A}.Release|ARM.ActiveCfg = Release|ARM
		{8856F3DC-9BAE-4545-A8BA-103C4DD7857A}.Release|ARM.Build.0 = Release|ARM
		{8856F3DC-9BAE-4545-A8BA-103C4DD7857A}.Release|ARM.Deploy.0 = Release|ARM
		{8856F3DC-9BAE-4545-A8BA-103C4DD7857A}.Release|x64.ActiveCfg = Release|x64
		{8856F3DC-9BAE-4545-A8BA-103C4DD7857A}.Release|x64.Build.0 = Release|x64
		{8856F3DC-9BAE-4545-A8BA-103C4DD7857A}.Release|x64.Deploy.0 = Release|x64
		{8856F3DC-9BAE-4545-A8BA-103C4DD7857A}.Release|x86.ActiveCfg = Release|x86
		{8856F3DC-9BAE-4545-A8BA-103C4DD7857A}.Release|x86.Build.0 = Release|x86
		{8856F3DC-9BAE-4545-A8BA-103C4DD7857A}.Release|x86.Deploy.0 = Release|x86
		{7A537745-CE73-4C4A-9FC5-0B6D28CA891C}.Debug|Any CPU.ActiveCfg = Debug|Any CPU
		{7A537745-CE73-4C4A-9FC5-0B6D28CA891C}.Debug|Any CPU.Build.0 = Debug|Any CPU
		{7A537745-CE73-4C4A-9FC5-0B6D28CA891C}.Debug|ARM.ActiveCfg = Debug|ARM
		{7A537745-CE73-4C4A-9FC5-0B6D28CA891C}.Debug|ARM.Build.0 = Debug|ARM
		{7A537745-CE73-4C4A-9FC5-0B6D28CA891C}.Debug|x64.ActiveCfg = Debug|x64
		{7A537745-CE73-4C4A-9FC5-0B6D28CA891C}.Debug|x64.Build.0 = Debug|x64
		{7A537745-CE73-4C4A-9FC5-0B6D28CA891C}.Debug|x86.ActiveCfg = Debug|x86
		{7A537745-CE73-4C4A-9FC5-0B6D28CA891C}.Debug|x86.Build.0 = Debug|x86
		{7A537745-CE73-4C4A-9FC5-0B6D28CA891C}.Release|Any CPU.ActiveCfg = Release|Any CPU
		{7A537745-CE73-4C4A-9FC5-0B6D28CA891C}.Release|Any CPU.Build.0 = Release|Any CPU
		{7A537745-CE73-4C4A-9FC5-0B6D28CA891C}.Release|ARM.ActiveCfg = Release|ARM
		{7A537745-CE73-4C4A-9FC5-0B6D28CA891C}.Release|ARM.Build.0 = Release|ARM
		{7A537745-CE73-4C4A-9FC5-0B6D28CA891C}.Release|x64.ActiveCfg = Release|x64
		{7A537745-CE73-4C4A-9FC5-0B6D28CA891C}.Release|x64.Build.0 = Release|x64
		{7A537745-CE73-4C4A-9FC5-0B6D28CA891C}.Release|x86.ActiveCfg = Release|x86
		{7A537745-CE73-4C4A-9FC5-0B6D28CA891C}.Release|x86.Build.0 = Release|x86
		{54FC239A-42F9-4E75-A001-61098D6416A7}.Debug|Any CPU.ActiveCfg = Debug|Any CPU
		{54FC239A-42F9-4E75-A001-61098D6416A7}.Debug|Any CPU.Build.0 = Debug|Any CPU
		{54FC239A-42F9-4E75-A001-61098D6416A7}.Debug|ARM.ActiveCfg = Debug|ARM
		{54FC239A-42F9-4E75-A001-61098D6416A7}.Debug|ARM.Build.0 = Debug|ARM
		{54FC239A-42F9-4E75-A001-61098D6416A7}.Debug|x64.ActiveCfg = Debug|x64
		{54FC239A-42F9-4E75-A001-61098D6416A7}.Debug|x64.Build.0 = Debug|x64
		{54FC239A-42F9-4E75-A001-61098D6416A7}.Debug|x86.ActiveCfg = Debug|x86
		{54FC239A-42F9-4E75-A001-61098D6416A7}.Debug|x86.Build.0 = Debug|x86
		{54FC239A-42F9-4E75-A001-61098D6416A7}.Release|Any CPU.ActiveCfg = Release|Any CPU
		{54FC239A-42F9-4E75-A001-61098D6416A7}.Release|Any CPU.Build.0 = Release|Any CPU
		{54FC239A-42F9-4E75-A001-61098D6416A7}.Release|ARM.ActiveCfg = Release|ARM
		{54FC239A-42F9-4E75-A001-61098D6416A7}.Release|ARM.Build.0 = Release|ARM
		{54FC239A-42F9-4E75-A001-61098D6416A7}.Release|x64.ActiveCfg = Release|x64
		{54FC239A-42F9-4E75-A001-61098D6416A7}.Release|x64.Build.0 = Release|x64
		{54FC239A-42F9-4E75-A001-61098D6416A7}.Release|x86.ActiveCfg = Release|x86
		{54FC239A-42F9-4E75-A001-61098D6416A7}.Release|x86.Build.0 = Release|x86
		{03C1FC3A-410F-46D9-802B-316C7280E180}.Debug|Any CPU.ActiveCfg = Debug|x86
		{03C1FC3A-410F-46D9-802B-316C7280E180}.Debug|ARM.ActiveCfg = Debug|ARM
		{03C1FC3A-410F-46D9-802B-316C7280E180}.Debug|ARM.Build.0 = Debug|ARM
		{03C1FC3A-410F-46D9-802B-316C7280E180}.Debug|x64.ActiveCfg = Debug|x64
		{03C1FC3A-410F-46D9-802B-316C7280E180}.Debug|x64.Build.0 = Debug|x64
		{03C1FC3A-410F-46D9-802B-316C7280E180}.Debug|x86.ActiveCfg = Debug|x86
		{03C1FC3A-410F-46D9-802B-316C7280E180}.Debug|x86.Build.0 = Debug|x86
		{03C1FC3A-410F-46D9-802B-316C7280E180}.Release|Any CPU.ActiveCfg = Release|x86
		{03C1FC3A-410F-46D9-802B-316C7280E180}.Release|ARM.ActiveCfg = Release|ARM
		{03C1FC3A-410F-46D9-802B-316C7280E180}.Release|ARM.Build.0 = Release|ARM
		{03C1FC3A-410F-46D9-802B-316C7280E180}.Release|x64.ActiveCfg = Release|x64
		{03C1FC3A-410F-46D9-802B-316C7280E180}.Release|x64.Build.0 = Release|x64
		{03C1FC3A-410F-46D9-802B-316C7280E180}.Release|x86.ActiveCfg = Release|x86
		{03C1FC3A-410F-46D9-802B-316C7280E180}.Release|x86.Build.0 = Release|x86
		{1D0FE2AB-1288-40EB-9408-9AA73F30D264}.Debug|Any CPU.ActiveCfg = Debug|Any CPU
		{1D0FE2AB-1288-40EB-9408-9AA73F30D264}.Debug|Any CPU.Build.0 = Debug|Any CPU
		{1D0FE2AB-1288-40EB-9408-9AA73F30D264}.Debug|ARM.ActiveCfg = Debug|Any CPU
		{1D0FE2AB-1288-40EB-9408-9AA73F30D264}.Debug|ARM.Build.0 = Debug|Any CPU
		{1D0FE2AB-1288-40EB-9408-9AA73F30D264}.Debug|x64.ActiveCfg = Debug|Any CPU
		{1D0FE2AB-1288-40EB-9408-9AA73F30D264}.Debug|x64.Build.0 = Debug|Any CPU
		{1D0FE2AB-1288-40EB-9408-9AA73F30D264}.Debug|x86.ActiveCfg = Debug|Any CPU
		{1D0FE2AB-1288-40EB-9408-9AA73F30D264}.Debug|x86.Build.0 = Debug|Any CPU
		{1D0FE2AB-1288-40EB-9408-9AA73F30D264}.Release|Any CPU.ActiveCfg = Release|Any CPU
		{1D0FE2AB-1288-40EB-9408-9AA73F30D264}.Release|Any CPU.Build.0 = Release|Any CPU
		{1D0FE2AB-1288-40EB-9408-9AA73F30D264}.Release|ARM.ActiveCfg = Release|Any CPU
		{1D0FE2AB-1288-40EB-9408-9AA73F30D264}.Release|ARM.Build.0 = Release|Any CPU
		{1D0FE2AB-1288-40EB-9408-9AA73F30D264}.Release|x64.ActiveCfg = Release|Any CPU
		{1D0FE2AB-1288-40EB-9408-9AA73F30D264}.Release|x64.Build.0 = Release|Any CPU
		{1D0FE2AB-1288-40EB-9408-9AA73F30D264}.Release|x86.ActiveCfg = Release|Any CPU
		{1D0FE2AB-1288-40EB-9408-9AA73F30D264}.Release|x86.Build.0 = Release|Any CPU
		{FD3CEAFE-AD69-43E3-9D26-80F2E2ABD2B8}.Debug|Any CPU.ActiveCfg = Debug|Any CPU
		{FD3CEAFE-AD69-43E3-9D26-80F2E2ABD2B8}.Debug|Any CPU.Build.0 = Debug|Any CPU
		{FD3CEAFE-AD69-43E3-9D26-80F2E2ABD2B8}.Debug|ARM.ActiveCfg = Debug|ARM
		{FD3CEAFE-AD69-43E3-9D26-80F2E2ABD2B8}.Debug|ARM.Build.0 = Debug|ARM
		{FD3CEAFE-AD69-43E3-9D26-80F2E2ABD2B8}.Debug|x64.ActiveCfg = Debug|x64
		{FD3CEAFE-AD69-43E3-9D26-80F2E2ABD2B8}.Debug|x64.Build.0 = Debug|x64
		{FD3CEAFE-AD69-43E3-9D26-80F2E2ABD2B8}.Debug|x86.ActiveCfg = Debug|x86
		{FD3CEAFE-AD69-43E3-9D26-80F2E2ABD2B8}.Debug|x86.Build.0 = Debug|x86
		{FD3CEAFE-AD69-43E3-9D26-80F2E2ABD2B8}.Release|Any CPU.ActiveCfg = Release|Any CPU
		{FD3CEAFE-AD69-43E3-9D26-80F2E2ABD2B8}.Release|Any CPU.Build.0 = Release|Any CPU
		{FD3CEAFE-AD69-43E3-9D26-80F2E2ABD2B8}.Release|ARM.ActiveCfg = Release|ARM
		{FD3CEAFE-AD69-43E3-9D26-80F2E2ABD2B8}.Release|ARM.Build.0 = Release|ARM
		{FD3CEAFE-AD69-43E3-9D26-80F2E2ABD2B8}.Release|x64.ActiveCfg = Release|x64
		{FD3CEAFE-AD69-43E3-9D26-80F2E2ABD2B8}.Release|x64.Build.0 = Release|x64
		{FD3CEAFE-AD69-43E3-9D26-80F2E2ABD2B8}.Release|x86.ActiveCfg = Release|x86
		{FD3CEAFE-AD69-43E3-9D26-80F2E2ABD2B8}.Release|x86.Build.0 = Release|x86
	EndGlobalSection
	GlobalSection(SolutionProperties) = preSolution
		HideSolutionNode = FALSE
	EndGlobalSection
	GlobalSection(ExtensibilityGlobals) = postSolution
		SolutionGuid = {793268B2-B709-4010-BEE5-D4C758C84E61}
		RESX_CodeReferences = {"Items":[{"Expression":"\\W($File.$Key)\\W","Extensions":".cs,.xaml,.cshtml","IsCaseSensitive":true,"SingleLineComment":"\/\/"},{"Expression":"ResourceManager.GetString\\(\"($Key)\"\\)","Extensions":".cs","IsCaseSensitive":true,"SingleLineComment":"\/\/"},{"Expression":"typeof\\((\\w+\\.)*($File)\\).+\"($Key)\"|\"($Key)\".+typeof\\((\\w+\\.)*($File)\\)","Extensions":".cs","IsCaseSensitive":true,"SingleLineComment":"\/\/"},{"Expression":"\\W($Key)\\W","Extensions":".vb","IsCaseSensitive":false,"SingleLineComment":"'"},{"Expression":"\\W($File::$Key)\\W","Extensions":".cpp,.c,.hxx,.h","IsCaseSensitive":true,"SingleLineComment":"\/\/"},{"Expression":"<%\\$\\s+Resources:\\s*($File)\\s*,\\s*($Key)\\s*%>","Extensions":".aspx,.ascx","IsCaseSensitive":true,"SingleLineComment":null},{"Expression":"StringResourceKey\\.($Key)","Extensions":".cs","IsCaseSensitive":true,"SingleLineComment":"\/\/"},{"Expression":"x:Uid=\"$Key\"","Extensions":".xaml","IsCaseSensitive":false,"SingleLineComment":null}]}
	EndGlobalSection
EndGlobal
