Microsoft Visual Studio Solution File, Format Version 12.00
# Visual Studio 15
VisualStudioVersion = 15.0.26730.16
MinimumVisualStudioVersion = 10.0.40219.1
Project("{FAE04EC0-301F-11D3-BF4B-00C04F79EFBC}") = "Discord UWPold", "DiscordUWPold\Discord UWPold.csproj", "{18CAB07F-9C5D-41D3-A60A-5F194EF068D3}"
EndProject
Project("{FAE04EC0-301F-11D3-BF4B-00C04F79EFBC}") = "Discord UWP", "Discord UWP.csproj", "{BA48EDC4-2A93-4CA0-99B5-DFA8AED075A4}"
EndProject
Global
	GlobalSection(SolutionConfigurationPlatforms) = preSolution
		Debug|ARM = Debug|ARM
		Debug|x64 = Debug|x64
		Debug|x86 = Debug|x86
		Release|ARM = Release|ARM
		Release|x64 = Release|x64
		Release|x86 = Release|x86
	EndGlobalSection
	GlobalSection(ProjectConfigurationPlatforms) = postSolution
		{18CAB07F-9C5D-41D3-A60A-5F194EF068D3}.Debug|ARM.ActiveCfg = Debug|ARM
		{18CAB07F-9C5D-41D3-A60A-5F194EF068D3}.Debug|ARM.Build.0 = Debug|ARM
		{18CAB07F-9C5D-41D3-A60A-5F194EF068D3}.Debug|ARM.Deploy.0 = Debug|ARM
		{18CAB07F-9C5D-41D3-A60A-5F194EF068D3}.Debug|x64.ActiveCfg = Debug|x64
		{18CAB07F-9C5D-41D3-A60A-5F194EF068D3}.Debug|x64.Build.0 = Debug|x64
		{18CAB07F-9C5D-41D3-A60A-5F194EF068D3}.Debug|x64.Deploy.0 = Debug|x64
		{18CAB07F-9C5D-41D3-A60A-5F194EF068D3}.Debug|x86.ActiveCfg = Debug|x86
		{18CAB07F-9C5D-41D3-A60A-5F194EF068D3}.Debug|x86.Build.0 = Debug|x86
		{18CAB07F-9C5D-41D3-A60A-5F194EF068D3}.Debug|x86.Deploy.0 = Debug|x86
		{18CAB07F-9C5D-41D3-A60A-5F194EF068D3}.Release|ARM.ActiveCfg = Release|ARM
		{18CAB07F-9C5D-41D3-A60A-5F194EF068D3}.Release|ARM.Build.0 = Release|ARM
		{18CAB07F-9C5D-41D3-A60A-5F194EF068D3}.Release|ARM.Deploy.0 = Release|ARM
		{18CAB07F-9C5D-41D3-A60A-5F194EF068D3}.Release|x64.ActiveCfg = Release|x64
		{18CAB07F-9C5D-41D3-A60A-5F194EF068D3}.Release|x64.Build.0 = Release|x64
		{18CAB07F-9C5D-41D3-A60A-5F194EF068D3}.Release|x64.Deploy.0 = Release|x64
		{18CAB07F-9C5D-41D3-A60A-5F194EF068D3}.Release|x86.ActiveCfg = Release|x86
		{18CAB07F-9C5D-41D3-A60A-5F194EF068D3}.Release|x86.Build.0 = Release|x86
		{18CAB07F-9C5D-41D3-A60A-5F194EF068D3}.Release|x86.Deploy.0 = Release|x86
		{BA48EDC4-2A93-4CA0-99B5-DFA8AED075A4}.Debug|ARM.ActiveCfg = Debug|ARM
		{BA48EDC4-2A93-4CA0-99B5-DFA8AED075A4}.Debug|ARM.Build.0 = Debug|ARM
		{BA48EDC4-2A93-4CA0-99B5-DFA8AED075A4}.Debug|ARM.Deploy.0 = Debug|ARM
		{BA48EDC4-2A93-4CA0-99B5-DFA8AED075A4}.Debug|x64.ActiveCfg = Debug|x64
		{BA48EDC4-2A93-4CA0-99B5-DFA8AED075A4}.Debug|x64.Build.0 = Debug|x64
		{BA48EDC4-2A93-4CA0-99B5-DFA8AED075A4}.Debug|x64.Deploy.0 = Debug|x64
		{BA48EDC4-2A93-4CA0-99B5-DFA8AED075A4}.Debug|x86.ActiveCfg = Debug|x86
		{BA48EDC4-2A93-4CA0-99B5-DFA8AED075A4}.Debug|x86.Build.0 = Debug|x86
		{BA48EDC4-2A93-4CA0-99B5-DFA8AED075A4}.Debug|x86.Deploy.0 = Debug|x86
		{BA48EDC4-2A93-4CA0-99B5-DFA8AED075A4}.Release|ARM.ActiveCfg = Release|ARM
		{BA48EDC4-2A93-4CA0-99B5-DFA8AED075A4}.Release|ARM.Build.0 = Release|ARM
		{BA48EDC4-2A93-4CA0-99B5-DFA8AED075A4}.Release|ARM.Deploy.0 = Release|ARM
		{BA48EDC4-2A93-4CA0-99B5-DFA8AED075A4}.Release|x64.ActiveCfg = Release|x64
		{BA48EDC4-2A93-4CA0-99B5-DFA8AED075A4}.Release|x64.Build.0 = Release|x64
		{BA48EDC4-2A93-4CA0-99B5-DFA8AED075A4}.Release|x64.Deploy.0 = Release|x64
		{BA48EDC4-2A93-4CA0-99B5-DFA8AED075A4}.Release|x86.ActiveCfg = Release|x86
		{BA48EDC4-2A93-4CA0-99B5-DFA8AED075A4}.Release|x86.Build.0 = Release|x86
		{BA48EDC4-2A93-4CA0-99B5-DFA8AED075A4}.Release|x86.Deploy.0 = Release|x86
	EndGlobalSection
	GlobalSection(SolutionProperties) = preSolution
		HideSolutionNode = FALSE
	EndGlobalSection
	GlobalSection(ExtensibilityGlobals) = postSolution
		SolutionGuid = {793268B2-B709-4010-BEE5-D4C758C84E61}
		RESX_CodeReferences = {"Items":[{"Expression":"\\W($File.$Key)\\W","Extensions":".cs,.xaml,.cshtml","IsCaseSensitive":true,"SingleLineComment":"\/\/"},{"Expression":"ResourceManager.GetString\\(\"($Key)\"\\)","Extensions":".cs","IsCaseSensitive":true,"SingleLineComment":"\/\/"},{"Expression":"typeof\\((\\w+\\.)*($File)\\).+\"($Key)\"|\"($Key)\".+typeof\\((\\w+\\.)*($File)\\)","Extensions":".cs","IsCaseSensitive":true,"SingleLineComment":"\/\/"},{"Expression":"\\W($Key)\\W","Extensions":".vb","IsCaseSensitive":false,"SingleLineComment":"'"},{"Expression":"\\W($File::$Key)\\W","Extensions":".cpp,.c,.hxx,.h","IsCaseSensitive":true,"SingleLineComment":"\/\/"},{"Expression":"<%\\$\\s+Resources:\\s*($File)\\s*,\\s*($Key)\\s*%>","Extensions":".aspx,.ascx","IsCaseSensitive":true,"SingleLineComment":null},{"Expression":"StringResourceKey\\.($Key)","Extensions":".cs","IsCaseSensitive":true,"SingleLineComment":"\/\/"},{"Expression":"x:Uid=\"$Key\"","Extensions":".xaml","IsCaseSensitive":false,"SingleLineComment":null}]}
	EndGlobalSection
EndGlobal
