Microsoft Visual Studio Solution File, Format Version 12.00
# Visual Studio Version 16
VisualStudioVersion = 16.0.28803.452
MinimumVisualStudioVersion = 10.0.40219.1
Project("{2150E333-8FDC-42A3-9474-1A3956D46DE8}") = "API", "API", "{F9EED7D1-4597-4BC1-BEFE-5F4C6D5B1A7C}"
EndProject
Project("{2150E333-8FDC-42A3-9474-1A3956D46DE8}") = "Libs", "Libs", "{1606927E-BD6E-447A-B8B4-92B8ED3B2D85}"
EndProject
Project("{2150E333-8FDC-42A3-9474-1A3956D46DE8}") = "Tasks", "Tasks", "{88720A99-6006-4455-9704-935478F7D93B}"
EndProject
Project("{FAE04EC0-301F-11D3-BF4B-00C04F79EFBC}") = "GiphyAPI", "src\_APIs\GiphyAPI\GiphyAPI.csproj", "{CF993DF8-E392-44B4-AFA7-4DA1750D24F2}"
EndProject
Project("{D954291E-2A0B-460D-934E-DC6B0785DB48}") = "Quarrel.Shared", "src\_Tasks\Quarrel.Shared\Quarrel.Shared.shproj", "{4B411328-A42F-4BF2-B7B9-5DC44B9006BC}"
EndProject
Project("{FAE04EC0-301F-11D3-BF4B-00C04F79EFBC}") = "RuntimeComponent", "src\_Libs\RuntimeComponent\RuntimeComponent.csproj", "{7A537745-CE73-4C4A-9FC5-0B6D28CA891C}"
EndProject
Project("{FAE04EC0-301F-11D3-BF4B-00C04F79EFBC}") = "Quarrel", "src\Quarrel\Quarrel.csproj", "{63365B53-1CE1-4F12-BDD8-D93FC3DC8AF3}"
EndProject
Project("{9A19103F-16F7-4668-BE54-9A1E7A4F7556}") = "DiscordAPI", "src\_APIs\DiscordAPI\DiscordAPI.csproj", "{AB95046D-DFD9-451A-B329-E3D9C0FCF738}"
EndProject
Project("{9A19103F-16F7-4668-BE54-9A1E7A4F7556}") = "Quarrel.ViewModels", "src\Quarrel.ViewModels\Quarrel.ViewModels.csproj", "{6396FEA9-CEB3-4D44-9292-5CE603D7B103}"
EndProject
Project("{8BC9CEB8-8B4A-11D0-8D11-00A0C91BC942}") = "SodiumC", "src\_Libs\SodiumC\SodiumC.vcxproj", "{A3A15D18-2C4B-4A06-A5D6-5AD529CFBCA6}"
EndProject
Project("{9A19103F-16F7-4668-BE54-9A1E7A4F7556}") = "DiscordStatusAPI", "src\_APIs\DiscordStatusAPI\DiscordStatusAPI.csproj", "{02DC7969-F465-4E27-B49F-D7021F8BC424}"
EndProject
Project("{9A19103F-16F7-4668-BE54-9A1E7A4F7556}") = "GitHubAPI", "src\_APIs\GitHubAPI\GitHubAPI.csproj", "{CD9A344B-DC7C-4AB4-A961-3B27A23741EC}"
EndProject
Project("{2150E333-8FDC-42A3-9474-1A3956D46DE8}") = "Tests", "Tests", "{5644CA67-DFE3-4E46-BDA4-6389D5403DC1}"
EndProject
Project("{FAE04EC0-301F-11D3-BF4B-00C04F79EFBC}") = "RichPresenceAPI", "src\_Libs\RichPresenceAPI\RichPresenceAPI.csproj", "{0CE46ECB-6073-4468-95AF-CF0A1FF7A34D}"
EndProject
Project("{FAE04EC0-301F-11D3-BF4B-00C04F79EFBC}") = "QuarrelMarkdown", "src\_Libs\QuarrelMarkdown\QuarrelMarkdown.csproj", "{67DD2A9D-BF00-4864-9446-47E0D5439FFE}"
EndProject
Project("{FAE04EC0-301F-11D3-BF4B-00C04F79EFBC}") = "QuarrelSmartColor", "src\_Libs\QuarrelSmartColor\QuarrelSmartColor.csproj", "{CF4B8F3F-695F-4BF3-B015-B0B15F2B2883}"
EndProject
Project("{2150E333-8FDC-42A3-9474-1A3956D46DE8}") = "Solution Items", "Solution Items", "{0078831F-1036-46AF-857E-F11B93634B49}"
	ProjectSection(SolutionItems) = preProject
		.editorconfig = .editorconfig
	EndProjectSection
EndProject
Project("{8BC9CEB8-8B4A-11D0-8D11-00A0C91BC942}") = "Webrtc", "src\_Libs\Webrtc\Webrtc.vcxproj", "{09252CD6-2BBC-4E47-95AA-186E32707E6F}"
EndProject
Project("{FAE04EC0-301F-11D3-BF4B-00C04F79EFBC}") = "RichPresenceTester", "test\RichPresenceTester\RichPresenceTester.csproj", "{75BE9A01-220F-476F-A401-B1B96676B817}"
EndProject
Global
	GlobalSection(SharedMSBuildProjectFiles) = preSolution
		src\_Tasks\Quarrel.Shared\Quarrel.Shared.projitems*{4b411328-a42f-4bf2-b7b9-5dc44b9006bc}*SharedItemsImports = 13
		src\_Tasks\Quarrel.Shared\Quarrel.Shared.projitems*{63365b53-1ce1-4f12-bdd8-d93fc3dc8af3}*SharedItemsImports = 4
	EndGlobalSection
	GlobalSection(SolutionConfigurationPlatforms) = preSolution
		Debug|Any CPU = Debug|Any CPU
		Debug|ARM = Debug|ARM
		Debug|ARM64 = Debug|ARM64
		Debug|x64 = Debug|x64
		Debug|x86 = Debug|x86
		Release|Any CPU = Release|Any CPU
		Release|ARM = Release|ARM
		Release|ARM64 = Release|ARM64
		Release|x64 = Release|x64
		Release|x86 = Release|x86
	EndGlobalSection
	GlobalSection(ProjectConfigurationPlatforms) = postSolution
		{CF993DF8-E392-44B4-AFA7-4DA1750D24F2}.Debug|Any CPU.ActiveCfg = Debug|x86
		{CF993DF8-E392-44B4-AFA7-4DA1750D24F2}.Debug|ARM.ActiveCfg = Debug|ARM
		{CF993DF8-E392-44B4-AFA7-4DA1750D24F2}.Debug|ARM64.ActiveCfg = Debug|x86
		{CF993DF8-E392-44B4-AFA7-4DA1750D24F2}.Debug|x64.ActiveCfg = Debug|x64
		{CF993DF8-E392-44B4-AFA7-4DA1750D24F2}.Debug|x86.ActiveCfg = Debug|x86
		{CF993DF8-E392-44B4-AFA7-4DA1750D24F2}.Release|Any CPU.ActiveCfg = Release|x86
		{CF993DF8-E392-44B4-AFA7-4DA1750D24F2}.Release|ARM.ActiveCfg = Release|ARM
		{CF993DF8-E392-44B4-AFA7-4DA1750D24F2}.Release|ARM64.ActiveCfg = Release|x86
		{CF993DF8-E392-44B4-AFA7-4DA1750D24F2}.Release|x64.ActiveCfg = Release|x64
		{CF993DF8-E392-44B4-AFA7-4DA1750D24F2}.Release|x86.ActiveCfg = Release|x86
		{7A537745-CE73-4C4A-9FC5-0B6D28CA891C}.Debug|Any CPU.ActiveCfg = Debug|x86
		{7A537745-CE73-4C4A-9FC5-0B6D28CA891C}.Debug|ARM.ActiveCfg = Debug|ARM
		{7A537745-CE73-4C4A-9FC5-0B6D28CA891C}.Debug|ARM64.ActiveCfg = Debug|Any CPU
		{7A537745-CE73-4C4A-9FC5-0B6D28CA891C}.Debug|x64.ActiveCfg = Debug|x64
		{7A537745-CE73-4C4A-9FC5-0B6D28CA891C}.Debug|x86.ActiveCfg = Debug|x86
		{7A537745-CE73-4C4A-9FC5-0B6D28CA891C}.Release|Any CPU.ActiveCfg = Release|Any CPU
		{7A537745-CE73-4C4A-9FC5-0B6D28CA891C}.Release|Any CPU.Build.0 = Release|Any CPU
		{7A537745-CE73-4C4A-9FC5-0B6D28CA891C}.Release|ARM.ActiveCfg = Release|ARM
		{7A537745-CE73-4C4A-9FC5-0B6D28CA891C}.Release|ARM64.ActiveCfg = Release|Any CPU
		{7A537745-CE73-4C4A-9FC5-0B6D28CA891C}.Release|x64.ActiveCfg = Release|x64
		{7A537745-CE73-4C4A-9FC5-0B6D28CA891C}.Release|x86.ActiveCfg = Release|x86
		{63365B53-1CE1-4F12-BDD8-D93FC3DC8AF3}.Debug|Any CPU.ActiveCfg = Debug|x86
		{63365B53-1CE1-4F12-BDD8-D93FC3DC8AF3}.Debug|Any CPU.Build.0 = Debug|x86
		{63365B53-1CE1-4F12-BDD8-D93FC3DC8AF3}.Debug|Any CPU.Deploy.0 = Debug|x86
		{63365B53-1CE1-4F12-BDD8-D93FC3DC8AF3}.Debug|ARM.ActiveCfg = Debug|ARM
		{63365B53-1CE1-4F12-BDD8-D93FC3DC8AF3}.Debug|ARM.Build.0 = Debug|ARM
		{63365B53-1CE1-4F12-BDD8-D93FC3DC8AF3}.Debug|ARM.Deploy.0 = Debug|ARM
		{63365B53-1CE1-4F12-BDD8-D93FC3DC8AF3}.Debug|ARM64.ActiveCfg = Debug|ARM64
		{63365B53-1CE1-4F12-BDD8-D93FC3DC8AF3}.Debug|ARM64.Build.0 = Debug|ARM64
		{63365B53-1CE1-4F12-BDD8-D93FC3DC8AF3}.Debug|ARM64.Deploy.0 = Debug|ARM64
		{63365B53-1CE1-4F12-BDD8-D93FC3DC8AF3}.Debug|x64.ActiveCfg = Debug|x64
		{63365B53-1CE1-4F12-BDD8-D93FC3DC8AF3}.Debug|x64.Build.0 = Debug|x64
		{63365B53-1CE1-4F12-BDD8-D93FC3DC8AF3}.Debug|x64.Deploy.0 = Debug|x64
		{63365B53-1CE1-4F12-BDD8-D93FC3DC8AF3}.Debug|x86.ActiveCfg = Debug|x86
		{63365B53-1CE1-4F12-BDD8-D93FC3DC8AF3}.Debug|x86.Build.0 = Debug|x86
		{63365B53-1CE1-4F12-BDD8-D93FC3DC8AF3}.Debug|x86.Deploy.0 = Debug|x86
		{63365B53-1CE1-4F12-BDD8-D93FC3DC8AF3}.Release|Any CPU.ActiveCfg = Release|x86
		{63365B53-1CE1-4F12-BDD8-D93FC3DC8AF3}.Release|ARM.ActiveCfg = Release|ARM
		{63365B53-1CE1-4F12-BDD8-D93FC3DC8AF3}.Release|ARM.Build.0 = Release|ARM
		{63365B53-1CE1-4F12-BDD8-D93FC3DC8AF3}.Release|ARM.Deploy.0 = Release|ARM
		{63365B53-1CE1-4F12-BDD8-D93FC3DC8AF3}.Release|ARM64.ActiveCfg = Release|ARM64
		{63365B53-1CE1-4F12-BDD8-D93FC3DC8AF3}.Release|ARM64.Build.0 = Release|ARM64
		{63365B53-1CE1-4F12-BDD8-D93FC3DC8AF3}.Release|ARM64.Deploy.0 = Release|ARM64
		{63365B53-1CE1-4F12-BDD8-D93FC3DC8AF3}.Release|x64.ActiveCfg = Release|x64
		{63365B53-1CE1-4F12-BDD8-D93FC3DC8AF3}.Release|x64.Build.0 = Release|x64
		{63365B53-1CE1-4F12-BDD8-D93FC3DC8AF3}.Release|x64.Deploy.0 = Release|x64
		{63365B53-1CE1-4F12-BDD8-D93FC3DC8AF3}.Release|x86.ActiveCfg = Release|x86
		{63365B53-1CE1-4F12-BDD8-D93FC3DC8AF3}.Release|x86.Build.0 = Release|x86
		{63365B53-1CE1-4F12-BDD8-D93FC3DC8AF3}.Release|x86.Deploy.0 = Release|x86
		{AB95046D-DFD9-451A-B329-E3D9C0FCF738}.Debug|Any CPU.ActiveCfg = Debug|x86
		{AB95046D-DFD9-451A-B329-E3D9C0FCF738}.Debug|Any CPU.Build.0 = Debug|x86
		{AB95046D-DFD9-451A-B329-E3D9C0FCF738}.Debug|ARM.ActiveCfg = Debug|ARM
		{AB95046D-DFD9-451A-B329-E3D9C0FCF738}.Debug|ARM.Build.0 = Debug|ARM
		{AB95046D-DFD9-451A-B329-E3D9C0FCF738}.Debug|ARM64.ActiveCfg = Debug|ARM64
		{AB95046D-DFD9-451A-B329-E3D9C0FCF738}.Debug|ARM64.Build.0 = Debug|ARM64
		{AB95046D-DFD9-451A-B329-E3D9C0FCF738}.Debug|x64.ActiveCfg = Debug|x64
		{AB95046D-DFD9-451A-B329-E3D9C0FCF738}.Debug|x64.Build.0 = Debug|x64
		{AB95046D-DFD9-451A-B329-E3D9C0FCF738}.Debug|x86.ActiveCfg = Debug|x86
		{AB95046D-DFD9-451A-B329-E3D9C0FCF738}.Debug|x86.Build.0 = Debug|x86
		{AB95046D-DFD9-451A-B329-E3D9C0FCF738}.Release|Any CPU.ActiveCfg = Release|x86
		{AB95046D-DFD9-451A-B329-E3D9C0FCF738}.Release|ARM.ActiveCfg = Release|ARM
		{AB95046D-DFD9-451A-B329-E3D9C0FCF738}.Release|ARM.Build.0 = Release|ARM
		{AB95046D-DFD9-451A-B329-E3D9C0FCF738}.Release|ARM64.ActiveCfg = Release|ARM64
		{AB95046D-DFD9-451A-B329-E3D9C0FCF738}.Release|ARM64.Build.0 = Release|ARM64
		{AB95046D-DFD9-451A-B329-E3D9C0FCF738}.Release|x64.ActiveCfg = Release|x64
		{AB95046D-DFD9-451A-B329-E3D9C0FCF738}.Release|x86.ActiveCfg = Release|x86
		{AB95046D-DFD9-451A-B329-E3D9C0FCF738}.Release|x86.Build.0 = Release|x86
		{6396FEA9-CEB3-4D44-9292-5CE603D7B103}.Debug|Any CPU.ActiveCfg = Debug|x86
		{6396FEA9-CEB3-4D44-9292-5CE603D7B103}.Debug|Any CPU.Build.0 = Debug|x86
		{6396FEA9-CEB3-4D44-9292-5CE603D7B103}.Debug|ARM.ActiveCfg = Debug|ARM
		{6396FEA9-CEB3-4D44-9292-5CE603D7B103}.Debug|ARM.Build.0 = Debug|ARM
		{6396FEA9-CEB3-4D44-9292-5CE603D7B103}.Debug|ARM64.ActiveCfg = Debug|ARM64
		{6396FEA9-CEB3-4D44-9292-5CE603D7B103}.Debug|ARM64.Build.0 = Debug|ARM64
		{6396FEA9-CEB3-4D44-9292-5CE603D7B103}.Debug|x64.ActiveCfg = Debug|x64
		{6396FEA9-CEB3-4D44-9292-5CE603D7B103}.Debug|x64.Build.0 = Debug|x64
		{6396FEA9-CEB3-4D44-9292-5CE603D7B103}.Debug|x86.ActiveCfg = Debug|x86
		{6396FEA9-CEB3-4D44-9292-5CE603D7B103}.Debug|x86.Build.0 = Debug|x86
		{6396FEA9-CEB3-4D44-9292-5CE603D7B103}.Release|Any CPU.ActiveCfg = Release|x86
		{6396FEA9-CEB3-4D44-9292-5CE603D7B103}.Release|ARM.ActiveCfg = Release|ARM
		{6396FEA9-CEB3-4D44-9292-5CE603D7B103}.Release|ARM.Build.0 = Release|ARM
		{6396FEA9-CEB3-4D44-9292-5CE603D7B103}.Release|ARM64.ActiveCfg = Release|ARM64
		{6396FEA9-CEB3-4D44-9292-5CE603D7B103}.Release|ARM64.Build.0 = Release|ARM64
		{6396FEA9-CEB3-4D44-9292-5CE603D7B103}.Release|x64.ActiveCfg = Release|x64
		{6396FEA9-CEB3-4D44-9292-5CE603D7B103}.Release|x64.Build.0 = Release|x64
		{6396FEA9-CEB3-4D44-9292-5CE603D7B103}.Release|x86.ActiveCfg = Release|x86
		{6396FEA9-CEB3-4D44-9292-5CE603D7B103}.Release|x86.Build.0 = Release|x86
		{A3A15D18-2C4B-4A06-A5D6-5AD529CFBCA6}.Debug|Any CPU.ActiveCfg = Debug|Win32
		{A3A15D18-2C4B-4A06-A5D6-5AD529CFBCA6}.Debug|ARM.ActiveCfg = Debug|ARM
		{A3A15D18-2C4B-4A06-A5D6-5AD529CFBCA6}.Debug|ARM.Build.0 = Debug|ARM
		{A3A15D18-2C4B-4A06-A5D6-5AD529CFBCA6}.Debug|ARM.Deploy.0 = Debug|ARM
		{A3A15D18-2C4B-4A06-A5D6-5AD529CFBCA6}.Debug|ARM64.ActiveCfg = Debug|ARM64
		{A3A15D18-2C4B-4A06-A5D6-5AD529CFBCA6}.Debug|ARM64.Build.0 = Debug|ARM64
		{A3A15D18-2C4B-4A06-A5D6-5AD529CFBCA6}.Debug|ARM64.Deploy.0 = Debug|ARM64
		{A3A15D18-2C4B-4A06-A5D6-5AD529CFBCA6}.Debug|x64.ActiveCfg = Debug|x64
		{A3A15D18-2C4B-4A06-A5D6-5AD529CFBCA6}.Debug|x64.Build.0 = Debug|x64
		{A3A15D18-2C4B-4A06-A5D6-5AD529CFBCA6}.Debug|x64.Deploy.0 = Debug|x64
		{A3A15D18-2C4B-4A06-A5D6-5AD529CFBCA6}.Debug|x86.ActiveCfg = Debug|Win32
		{A3A15D18-2C4B-4A06-A5D6-5AD529CFBCA6}.Debug|x86.Build.0 = Debug|Win32
		{A3A15D18-2C4B-4A06-A5D6-5AD529CFBCA6}.Debug|x86.Deploy.0 = Debug|Win32
		{A3A15D18-2C4B-4A06-A5D6-5AD529CFBCA6}.Release|Any CPU.ActiveCfg = Release|Win32
		{A3A15D18-2C4B-4A06-A5D6-5AD529CFBCA6}.Release|ARM.ActiveCfg = Release|ARM
		{A3A15D18-2C4B-4A06-A5D6-5AD529CFBCA6}.Release|ARM.Build.0 = Release|ARM
		{A3A15D18-2C4B-4A06-A5D6-5AD529CFBCA6}.Release|ARM.Deploy.0 = Release|ARM
		{A3A15D18-2C4B-4A06-A5D6-5AD529CFBCA6}.Release|ARM64.ActiveCfg = Release|ARM64
		{A3A15D18-2C4B-4A06-A5D6-5AD529CFBCA6}.Release|ARM64.Build.0 = Release|ARM64
		{A3A15D18-2C4B-4A06-A5D6-5AD529CFBCA6}.Release|ARM64.Deploy.0 = Release|ARM64
		{A3A15D18-2C4B-4A06-A5D6-5AD529CFBCA6}.Release|x64.ActiveCfg = Release|x64
		{A3A15D18-2C4B-4A06-A5D6-5AD529CFBCA6}.Release|x64.Build.0 = Release|x64
		{A3A15D18-2C4B-4A06-A5D6-5AD529CFBCA6}.Release|x64.Deploy.0 = Release|x64
		{A3A15D18-2C4B-4A06-A5D6-5AD529CFBCA6}.Release|x86.ActiveCfg = Release|Win32
		{A3A15D18-2C4B-4A06-A5D6-5AD529CFBCA6}.Release|x86.Build.0 = Release|Win32
		{A3A15D18-2C4B-4A06-A5D6-5AD529CFBCA6}.Release|x86.Deploy.0 = Release|Win32
		{02DC7969-F465-4E27-B49F-D7021F8BC424}.Debug|Any CPU.ActiveCfg = Debug|Any CPU
		{02DC7969-F465-4E27-B49F-D7021F8BC424}.Debug|Any CPU.Build.0 = Debug|Any CPU
		{02DC7969-F465-4E27-B49F-D7021F8BC424}.Debug|ARM.ActiveCfg = Debug|Any CPU
		{02DC7969-F465-4E27-B49F-D7021F8BC424}.Debug|ARM.Build.0 = Debug|Any CPU
		{02DC7969-F465-4E27-B49F-D7021F8BC424}.Debug|ARM64.ActiveCfg = Debug|Any CPU
		{02DC7969-F465-4E27-B49F-D7021F8BC424}.Debug|ARM64.Build.0 = Debug|Any CPU
		{02DC7969-F465-4E27-B49F-D7021F8BC424}.Debug|x64.ActiveCfg = Debug|Any CPU
		{02DC7969-F465-4E27-B49F-D7021F8BC424}.Debug|x64.Build.0 = Debug|Any CPU
		{02DC7969-F465-4E27-B49F-D7021F8BC424}.Debug|x86.ActiveCfg = Debug|Any CPU
		{02DC7969-F465-4E27-B49F-D7021F8BC424}.Debug|x86.Build.0 = Debug|Any CPU
		{02DC7969-F465-4E27-B49F-D7021F8BC424}.Release|Any CPU.ActiveCfg = Release|Any CPU
		{02DC7969-F465-4E27-B49F-D7021F8BC424}.Release|Any CPU.Build.0 = Release|Any CPU
		{02DC7969-F465-4E27-B49F-D7021F8BC424}.Release|ARM.ActiveCfg = Release|Any CPU
		{02DC7969-F465-4E27-B49F-D7021F8BC424}.Release|ARM.Build.0 = Release|Any CPU
		{02DC7969-F465-4E27-B49F-D7021F8BC424}.Release|ARM64.ActiveCfg = Release|Any CPU
		{02DC7969-F465-4E27-B49F-D7021F8BC424}.Release|ARM64.Build.0 = Release|Any CPU
		{02DC7969-F465-4E27-B49F-D7021F8BC424}.Release|x64.ActiveCfg = Release|Any CPU
		{02DC7969-F465-4E27-B49F-D7021F8BC424}.Release|x64.Build.0 = Release|Any CPU
		{02DC7969-F465-4E27-B49F-D7021F8BC424}.Release|x86.ActiveCfg = Release|Any CPU
		{02DC7969-F465-4E27-B49F-D7021F8BC424}.Release|x86.Build.0 = Release|Any CPU
		{CD9A344B-DC7C-4AB4-A961-3B27A23741EC}.Debug|Any CPU.ActiveCfg = Debug|Any CPU
		{CD9A344B-DC7C-4AB4-A961-3B27A23741EC}.Debug|Any CPU.Build.0 = Debug|Any CPU
		{CD9A344B-DC7C-4AB4-A961-3B27A23741EC}.Debug|ARM.ActiveCfg = Debug|Any CPU
		{CD9A344B-DC7C-4AB4-A961-3B27A23741EC}.Debug|ARM.Build.0 = Debug|Any CPU
		{CD9A344B-DC7C-4AB4-A961-3B27A23741EC}.Debug|ARM64.ActiveCfg = Debug|Any CPU
		{CD9A344B-DC7C-4AB4-A961-3B27A23741EC}.Debug|ARM64.Build.0 = Debug|Any CPU
		{CD9A344B-DC7C-4AB4-A961-3B27A23741EC}.Debug|x64.ActiveCfg = Debug|Any CPU
		{CD9A344B-DC7C-4AB4-A961-3B27A23741EC}.Debug|x64.Build.0 = Debug|Any CPU
		{CD9A344B-DC7C-4AB4-A961-3B27A23741EC}.Debug|x86.ActiveCfg = Debug|Any CPU
		{CD9A344B-DC7C-4AB4-A961-3B27A23741EC}.Debug|x86.Build.0 = Debug|Any CPU
		{CD9A344B-DC7C-4AB4-A961-3B27A23741EC}.Release|Any CPU.ActiveCfg = Release|Any CPU
		{CD9A344B-DC7C-4AB4-A961-3B27A23741EC}.Release|Any CPU.Build.0 = Release|Any CPU
		{CD9A344B-DC7C-4AB4-A961-3B27A23741EC}.Release|ARM.ActiveCfg = Release|Any CPU
		{CD9A344B-DC7C-4AB4-A961-3B27A23741EC}.Release|ARM.Build.0 = Release|Any CPU
		{CD9A344B-DC7C-4AB4-A961-3B27A23741EC}.Release|ARM64.ActiveCfg = Release|Any CPU
		{CD9A344B-DC7C-4AB4-A961-3B27A23741EC}.Release|ARM64.Build.0 = Release|Any CPU
		{CD9A344B-DC7C-4AB4-A961-3B27A23741EC}.Release|x64.ActiveCfg = Release|Any CPU
		{CD9A344B-DC7C-4AB4-A961-3B27A23741EC}.Release|x64.Build.0 = Release|Any CPU
		{CD9A344B-DC7C-4AB4-A961-3B27A23741EC}.Release|x86.ActiveCfg = Release|Any CPU
		{CD9A344B-DC7C-4AB4-A961-3B27A23741EC}.Release|x86.Build.0 = Release|Any CPU
		{0CE46ECB-6073-4468-95AF-CF0A1FF7A34D}.Debug|Any CPU.ActiveCfg = Debug|Any CPU
		{0CE46ECB-6073-4468-95AF-CF0A1FF7A34D}.Debug|Any CPU.Build.0 = Debug|Any CPU
		{0CE46ECB-6073-4468-95AF-CF0A1FF7A34D}.Debug|ARM.ActiveCfg = Debug|ARM
		{0CE46ECB-6073-4468-95AF-CF0A1FF7A34D}.Debug|ARM.Build.0 = Debug|ARM
		{0CE46ECB-6073-4468-95AF-CF0A1FF7A34D}.Debug|ARM64.ActiveCfg = Debug|ARM64
		{0CE46ECB-6073-4468-95AF-CF0A1FF7A34D}.Debug|ARM64.Build.0 = Debug|ARM64
		{0CE46ECB-6073-4468-95AF-CF0A1FF7A34D}.Debug|x64.ActiveCfg = Debug|x64
		{0CE46ECB-6073-4468-95AF-CF0A1FF7A34D}.Debug|x64.Build.0 = Debug|x64
		{0CE46ECB-6073-4468-95AF-CF0A1FF7A34D}.Debug|x86.ActiveCfg = Debug|x86
		{0CE46ECB-6073-4468-95AF-CF0A1FF7A34D}.Debug|x86.Build.0 = Debug|x86
		{0CE46ECB-6073-4468-95AF-CF0A1FF7A34D}.Release|Any CPU.ActiveCfg = Release|Any CPU
		{0CE46ECB-6073-4468-95AF-CF0A1FF7A34D}.Release|Any CPU.Build.0 = Release|Any CPU
		{0CE46ECB-6073-4468-95AF-CF0A1FF7A34D}.Release|ARM.ActiveCfg = Release|ARM
		{0CE46ECB-6073-4468-95AF-CF0A1FF7A34D}.Release|ARM.Build.0 = Release|ARM
		{0CE46ECB-6073-4468-95AF-CF0A1FF7A34D}.Release|ARM64.ActiveCfg = Release|ARM64
		{0CE46ECB-6073-4468-95AF-CF0A1FF7A34D}.Release|ARM64.Build.0 = Release|ARM64
		{0CE46ECB-6073-4468-95AF-CF0A1FF7A34D}.Release|x64.ActiveCfg = Release|x64
		{0CE46ECB-6073-4468-95AF-CF0A1FF7A34D}.Release|x64.Build.0 = Release|x64
		{0CE46ECB-6073-4468-95AF-CF0A1FF7A34D}.Release|x86.ActiveCfg = Release|x86
		{0CE46ECB-6073-4468-95AF-CF0A1FF7A34D}.Release|x86.Build.0 = Release|x86
		{67DD2A9D-BF00-4864-9446-47E0D5439FFE}.Debug|Any CPU.ActiveCfg = Debug|Any CPU
		{67DD2A9D-BF00-4864-9446-47E0D5439FFE}.Debug|Any CPU.Build.0 = Debug|Any CPU
		{67DD2A9D-BF00-4864-9446-47E0D5439FFE}.Debug|ARM.ActiveCfg = Debug|ARM
		{67DD2A9D-BF00-4864-9446-47E0D5439FFE}.Debug|ARM.Build.0 = Debug|ARM
		{67DD2A9D-BF00-4864-9446-47E0D5439FFE}.Debug|ARM64.ActiveCfg = Debug|ARM64
		{67DD2A9D-BF00-4864-9446-47E0D5439FFE}.Debug|ARM64.Build.0 = Debug|ARM64
		{67DD2A9D-BF00-4864-9446-47E0D5439FFE}.Debug|x64.ActiveCfg = Debug|x64
		{67DD2A9D-BF00-4864-9446-47E0D5439FFE}.Debug|x64.Build.0 = Debug|x64
		{67DD2A9D-BF00-4864-9446-47E0D5439FFE}.Debug|x86.ActiveCfg = Debug|x86
		{67DD2A9D-BF00-4864-9446-47E0D5439FFE}.Debug|x86.Build.0 = Debug|x86
		{67DD2A9D-BF00-4864-9446-47E0D5439FFE}.Release|Any CPU.ActiveCfg = Release|Any CPU
		{67DD2A9D-BF00-4864-9446-47E0D5439FFE}.Release|Any CPU.Build.0 = Release|Any CPU
		{67DD2A9D-BF00-4864-9446-47E0D5439FFE}.Release|ARM.ActiveCfg = Release|ARM
		{67DD2A9D-BF00-4864-9446-47E0D5439FFE}.Release|ARM.Build.0 = Release|ARM
		{67DD2A9D-BF00-4864-9446-47E0D5439FFE}.Release|ARM64.ActiveCfg = Release|ARM64
		{67DD2A9D-BF00-4864-9446-47E0D5439FFE}.Release|ARM64.Build.0 = Release|ARM64
		{67DD2A9D-BF00-4864-9446-47E0D5439FFE}.Release|x64.ActiveCfg = Release|x64
		{67DD2A9D-BF00-4864-9446-47E0D5439FFE}.Release|x64.Build.0 = Release|x64
		{67DD2A9D-BF00-4864-9446-47E0D5439FFE}.Release|x86.ActiveCfg = Release|x86
		{67DD2A9D-BF00-4864-9446-47E0D5439FFE}.Release|x86.Build.0 = Release|x86
		{CF4B8F3F-695F-4BF3-B015-B0B15F2B2883}.Debug|Any CPU.ActiveCfg = Debug|Any CPU
		{CF4B8F3F-695F-4BF3-B015-B0B15F2B2883}.Debug|Any CPU.Build.0 = Debug|Any CPU
		{CF4B8F3F-695F-4BF3-B015-B0B15F2B2883}.Debug|ARM.ActiveCfg = Debug|ARM
		{CF4B8F3F-695F-4BF3-B015-B0B15F2B2883}.Debug|ARM.Build.0 = Debug|ARM
		{CF4B8F3F-695F-4BF3-B015-B0B15F2B2883}.Debug|ARM64.ActiveCfg = Debug|ARM64
		{CF4B8F3F-695F-4BF3-B015-B0B15F2B2883}.Debug|ARM64.Build.0 = Debug|ARM64
		{CF4B8F3F-695F-4BF3-B015-B0B15F2B2883}.Debug|x64.ActiveCfg = Debug|x64
		{CF4B8F3F-695F-4BF3-B015-B0B15F2B2883}.Debug|x64.Build.0 = Debug|x64
		{CF4B8F3F-695F-4BF3-B015-B0B15F2B2883}.Debug|x86.ActiveCfg = Debug|x86
		{CF4B8F3F-695F-4BF3-B015-B0B15F2B2883}.Debug|x86.Build.0 = Debug|x86
		{CF4B8F3F-695F-4BF3-B015-B0B15F2B2883}.Release|Any CPU.ActiveCfg = Release|Any CPU
		{CF4B8F3F-695F-4BF3-B015-B0B15F2B2883}.Release|Any CPU.Build.0 = Release|Any CPU
		{CF4B8F3F-695F-4BF3-B015-B0B15F2B2883}.Release|ARM.ActiveCfg = Release|ARM
		{CF4B8F3F-695F-4BF3-B015-B0B15F2B2883}.Release|ARM.Build.0 = Release|ARM
		{CF4B8F3F-695F-4BF3-B015-B0B15F2B2883}.Release|ARM64.ActiveCfg = Release|ARM64
		{CF4B8F3F-695F-4BF3-B015-B0B15F2B2883}.Release|ARM64.Build.0 = Release|ARM64
		{CF4B8F3F-695F-4BF3-B015-B0B15F2B2883}.Release|x64.ActiveCfg = Release|x64
		{CF4B8F3F-695F-4BF3-B015-B0B15F2B2883}.Release|x64.Build.0 = Release|x64
		{CF4B8F3F-695F-4BF3-B015-B0B15F2B2883}.Release|x86.ActiveCfg = Release|x86
		{CF4B8F3F-695F-4BF3-B015-B0B15F2B2883}.Release|x86.Build.0 = Release|x86
		{09252CD6-2BBC-4E47-95AA-186E32707E6F}.Debug|Any CPU.ActiveCfg = Debug|Win32
		{09252CD6-2BBC-4E47-95AA-186E32707E6F}.Debug|ARM.ActiveCfg = Debug|ARM
		{09252CD6-2BBC-4E47-95AA-186E32707E6F}.Debug|ARM.Build.0 = Debug|ARM
		{09252CD6-2BBC-4E47-95AA-186E32707E6F}.Debug|ARM64.ActiveCfg = Debug|ARM64
		{09252CD6-2BBC-4E47-95AA-186E32707E6F}.Debug|ARM64.Build.0 = Debug|ARM64
		{09252CD6-2BBC-4E47-95AA-186E32707E6F}.Debug|x64.ActiveCfg = Debug|x64
		{09252CD6-2BBC-4E47-95AA-186E32707E6F}.Debug|x64.Build.0 = Debug|x64
		{09252CD6-2BBC-4E47-95AA-186E32707E6F}.Debug|x86.ActiveCfg = Debug|Win32
		{09252CD6-2BBC-4E47-95AA-186E32707E6F}.Debug|x86.Build.0 = Debug|Win32
		{09252CD6-2BBC-4E47-95AA-186E32707E6F}.Release|Any CPU.ActiveCfg = Release|Win32
		{09252CD6-2BBC-4E47-95AA-186E32707E6F}.Release|ARM.ActiveCfg = Release|ARM
		{09252CD6-2BBC-4E47-95AA-186E32707E6F}.Release|ARM.Build.0 = Release|ARM
		{09252CD6-2BBC-4E47-95AA-186E32707E6F}.Release|ARM64.ActiveCfg = Release|ARM64
		{09252CD6-2BBC-4E47-95AA-186E32707E6F}.Release|ARM64.Build.0 = Release|ARM64
		{09252CD6-2BBC-4E47-95AA-186E32707E6F}.Release|x64.ActiveCfg = Release|x64
		{09252CD6-2BBC-4E47-95AA-186E32707E6F}.Release|x64.Build.0 = Release|x64
		{09252CD6-2BBC-4E47-95AA-186E32707E6F}.Release|x86.ActiveCfg = Release|Win32
		{09252CD6-2BBC-4E47-95AA-186E32707E6F}.Release|x86.Build.0 = Release|Win32
		{75BE9A01-220F-476F-A401-B1B96676B817}.Debug|Any CPU.ActiveCfg = Debug|x86
		{75BE9A01-220F-476F-A401-B1B96676B817}.Debug|ARM.ActiveCfg = Debug|ARM
		{75BE9A01-220F-476F-A401-B1B96676B817}.Debug|ARM.Build.0 = Debug|ARM
		{75BE9A01-220F-476F-A401-B1B96676B817}.Debug|ARM.Deploy.0 = Debug|ARM
		{75BE9A01-220F-476F-A401-B1B96676B817}.Debug|ARM64.ActiveCfg = Debug|ARM64
		{75BE9A01-220F-476F-A401-B1B96676B817}.Debug|ARM64.Build.0 = Debug|ARM64
		{75BE9A01-220F-476F-A401-B1B96676B817}.Debug|ARM64.Deploy.0 = Debug|ARM64
		{75BE9A01-220F-476F-A401-B1B96676B817}.Debug|x64.ActiveCfg = Debug|x64
		{75BE9A01-220F-476F-A401-B1B96676B817}.Debug|x64.Build.0 = Debug|x64
		{75BE9A01-220F-476F-A401-B1B96676B817}.Debug|x64.Deploy.0 = Debug|x64
		{75BE9A01-220F-476F-A401-B1B96676B817}.Debug|x86.ActiveCfg = Debug|x86
		{75BE9A01-220F-476F-A401-B1B96676B817}.Debug|x86.Build.0 = Debug|x86
		{75BE9A01-220F-476F-A401-B1B96676B817}.Debug|x86.Deploy.0 = Debug|x86
		{75BE9A01-220F-476F-A401-B1B96676B817}.Release|Any CPU.ActiveCfg = Release|x86
		{75BE9A01-220F-476F-A401-B1B96676B817}.Release|ARM.ActiveCfg = Release|ARM
		{75BE9A01-220F-476F-A401-B1B96676B817}.Release|ARM.Build.0 = Release|ARM
		{75BE9A01-220F-476F-A401-B1B96676B817}.Release|ARM.Deploy.0 = Release|ARM
		{75BE9A01-220F-476F-A401-B1B96676B817}.Release|ARM64.ActiveCfg = Release|ARM64
		{75BE9A01-220F-476F-A401-B1B96676B817}.Release|ARM64.Build.0 = Release|ARM64
		{75BE9A01-220F-476F-A401-B1B96676B817}.Release|ARM64.Deploy.0 = Release|ARM64
		{75BE9A01-220F-476F-A401-B1B96676B817}.Release|x64.ActiveCfg = Release|x64
		{75BE9A01-220F-476F-A401-B1B96676B817}.Release|x64.Build.0 = Release|x64
		{75BE9A01-220F-476F-A401-B1B96676B817}.Release|x64.Deploy.0 = Release|x64
		{75BE9A01-220F-476F-A401-B1B96676B817}.Release|x86.ActiveCfg = Release|x86
		{75BE9A01-220F-476F-A401-B1B96676B817}.Release|x86.Build.0 = Release|x86
		{75BE9A01-220F-476F-A401-B1B96676B817}.Release|x86.Deploy.0 = Release|x86
	EndGlobalSection
	GlobalSection(SolutionProperties) = preSolution
		HideSolutionNode = FALSE
	EndGlobalSection
	GlobalSection(NestedProjects) = preSolution
		{CF993DF8-E392-44B4-AFA7-4DA1750D24F2} = {F9EED7D1-4597-4BC1-BEFE-5F4C6D5B1A7C}
		{4B411328-A42F-4BF2-B7B9-5DC44B9006BC} = {1606927E-BD6E-447A-B8B4-92B8ED3B2D85}
		{7A537745-CE73-4C4A-9FC5-0B6D28CA891C} = {1606927E-BD6E-447A-B8B4-92B8ED3B2D85}
		{AB95046D-DFD9-451A-B329-E3D9C0FCF738} = {F9EED7D1-4597-4BC1-BEFE-5F4C6D5B1A7C}
		{A3A15D18-2C4B-4A06-A5D6-5AD529CFBCA6} = {1606927E-BD6E-447A-B8B4-92B8ED3B2D85}
		{02DC7969-F465-4E27-B49F-D7021F8BC424} = {F9EED7D1-4597-4BC1-BEFE-5F4C6D5B1A7C}
		{CD9A344B-DC7C-4AB4-A961-3B27A23741EC} = {F9EED7D1-4597-4BC1-BEFE-5F4C6D5B1A7C}
		{0CE46ECB-6073-4468-95AF-CF0A1FF7A34D} = {1606927E-BD6E-447A-B8B4-92B8ED3B2D85}
		{67DD2A9D-BF00-4864-9446-47E0D5439FFE} = {1606927E-BD6E-447A-B8B4-92B8ED3B2D85}
		{CF4B8F3F-695F-4BF3-B015-B0B15F2B2883} = {1606927E-BD6E-447A-B8B4-92B8ED3B2D85}
		{09252CD6-2BBC-4E47-95AA-186E32707E6F} = {1606927E-BD6E-447A-B8B4-92B8ED3B2D85}
		{75BE9A01-220F-476F-A401-B1B96676B817} = {5644CA67-DFE3-4E46-BDA4-6389D5403DC1}
	EndGlobalSection
	GlobalSection(ExtensibilityGlobals) = postSolution
		SolutionGuid = {793268B2-B709-4010-BEE5-D4C758C84E61}
		RESX_CodeReferences = {"Items":[{"Expression":"\\W($File.$Key)\\W","Extensions":".cs,.xaml,.cshtml","IsCaseSensitive":true,"SingleLineComment":"\/\/"},{"Expression":"ResourceManager.GetString\\(\"($Key)\"\\)","Extensions":".cs","IsCaseSensitive":true,"SingleLineComment":"\/\/"},{"Expression":"typeof\\((\\w+\\.)*($File)\\).+\"($Key)\"|\"($Key)\".+typeof\\((\\w+\\.)*($File)\\)","Extensions":".cs","IsCaseSensitive":true,"SingleLineComment":"\/\/"},{"Expression":"\\W($Key)\\W","Extensions":".vb","IsCaseSensitive":false,"SingleLineComment":"'"},{"Expression":"\\W($File::$Key)\\W","Extensions":".cpp,.c,.hxx,.h","IsCaseSensitive":true,"SingleLineComment":"\/\/"},{"Expression":"<%\\$\\s+Resources:\\s*($File)\\s*,\\s*($Key)\\s*%>","Extensions":".aspx,.ascx","IsCaseSensitive":true,"SingleLineComment":null},{"Expression":"StringResourceKey\\.($Key)","Extensions":".cs","IsCaseSensitive":true,"SingleLineComment":"\/\/"},{"Expression":"x:Uid=\"$Key\"","Extensions":".xaml","IsCaseSensitive":false,"SingleLineComment":null}]}
	EndGlobalSection
EndGlobal
