
Microsoft Visual Studio Solution File, Format Version 12.00
# Visual Studio Version 17
VisualStudioVersion = 17.1.32319.34
MinimumVisualStudioVersion = 10.0.40219.1
Project("{FAE04EC0-301F-11D3-BF4B-00C04F79EFBC}") = "Quarrel", "src\Quarrel\Quarrel.csproj", "{0247C94D-5FD1-45D6-9312-7440317F6C40}"
EndProject
Project("{9A19103F-16F7-4668-BE54-9A1E7A4F7556}") = "Quarrel.ViewModels", "src\Quarrel.ViewModels\Quarrel.ViewModels.csproj", "{E069A285-68FE-43C7-957F-9CC6BBF17BCE}"
EndProject
Project("{2150E333-8FDC-42A3-9474-1A3956D46DE8}") = "API", "API", "{511E4047-6CBD-4255-B153-06E3EF5361C0}"
EndProject
Project("{9A19103F-16F7-4668-BE54-9A1E7A4F7556}") = "Discord.API", "src\API\Discord.API\Discord.API.csproj", "{43360223-1CD9-4962-84CC-0698F6D11837}"
EndProject
Project("{2150E333-8FDC-42A3-9474-1A3956D46DE8}") = "Solution Items", "Solution Items", "{369AE1E7-33F6-499A-99F8-BE052152FBF1}"
	ProjectSection(SolutionItems) = preProject
		.editorconfig = .editorconfig
		.gitignore = .gitignore
		Directory.Build.props = Directory.Build.props
	EndProjectSection
EndProject
Project("{9A19103F-16F7-4668-BE54-9A1E7A4F7556}") = "GitHub.API", "src\API\GitHub.API\GitHub.API.csproj", "{CEBA2186-BA2C-4616-BEEE-01E0F899A4A1}"
EndProject
Project("{9A19103F-16F7-4668-BE54-9A1E7A4F7556}") = "Quarrel.Client", "src\Quarrel.Client\Quarrel.Client.csproj", "{E20B2927-0C9E-437F-9B51-B76BAE2EF67C}"
EndProject
Project("{9A19103F-16F7-4668-BE54-9A1E7A4F7556}") = "Patreon.API", "src\API\Patreon.API\Patreon.API.csproj", "{D5C342A2-FB47-4D19-8073-E7F15EE43F24}"
EndProject
Project("{9A19103F-16F7-4668-BE54-9A1E7A4F7556}") = "Discord.API.Status", "src\API\Discord.API.Status\Discord.API.Status.csproj", "{D34F80C0-0316-43C3-BBE9-7AF099A1C6A0}"
EndProject
Global
	GlobalSection(SolutionConfigurationPlatforms) = preSolution
		Alpha|Any CPU = Alpha|Any CPU
		Alpha|ARM = Alpha|ARM
		Alpha|ARM64 = Alpha|ARM64
		Alpha|x64 = Alpha|x64
		Alpha|x86 = Alpha|x86
		Debug|Any CPU = Debug|Any CPU
		Debug|ARM = Debug|ARM
		Debug|ARM64 = Debug|ARM64
		Debug|x64 = Debug|x64
		Debug|x86 = Debug|x86
		Insider|Any CPU = Insider|Any CPU
		Insider|ARM = Insider|ARM
		Insider|ARM64 = Insider|ARM64
		Insider|x64 = Insider|x64
		Insider|x86 = Insider|x86
		Release|Any CPU = Release|Any CPU
		Release|ARM = Release|ARM
		Release|ARM64 = Release|ARM64
		Release|x64 = Release|x64
		Release|x86 = Release|x86
	EndGlobalSection
	GlobalSection(ProjectConfigurationPlatforms) = postSolution
		{0247C94D-5FD1-45D6-9312-7440317F6C40}.Alpha|Any CPU.ActiveCfg = Alpha|x64
		{0247C94D-5FD1-45D6-9312-7440317F6C40}.Alpha|ARM.ActiveCfg = Alpha|ARM
		{0247C94D-5FD1-45D6-9312-7440317F6C40}.Alpha|ARM.Build.0 = Alpha|ARM
		{0247C94D-5FD1-45D6-9312-7440317F6C40}.Alpha|ARM.Deploy.0 = Alpha|ARM
		{0247C94D-5FD1-45D6-9312-7440317F6C40}.Alpha|ARM64.ActiveCfg = Alpha|ARM64
		{0247C94D-5FD1-45D6-9312-7440317F6C40}.Alpha|ARM64.Build.0 = Alpha|ARM64
		{0247C94D-5FD1-45D6-9312-7440317F6C40}.Alpha|ARM64.Deploy.0 = Alpha|ARM64
		{0247C94D-5FD1-45D6-9312-7440317F6C40}.Alpha|x64.ActiveCfg = Alpha|x64
		{0247C94D-5FD1-45D6-9312-7440317F6C40}.Alpha|x64.Build.0 = Alpha|x64
		{0247C94D-5FD1-45D6-9312-7440317F6C40}.Alpha|x64.Deploy.0 = Alpha|x64
		{0247C94D-5FD1-45D6-9312-7440317F6C40}.Alpha|x86.ActiveCfg = Alpha|x86
		{0247C94D-5FD1-45D6-9312-7440317F6C40}.Alpha|x86.Build.0 = Alpha|x86
		{0247C94D-5FD1-45D6-9312-7440317F6C40}.Alpha|x86.Deploy.0 = Alpha|x86
		{0247C94D-5FD1-45D6-9312-7440317F6C40}.Debug|Any CPU.ActiveCfg = Debug|x64
		{0247C94D-5FD1-45D6-9312-7440317F6C40}.Debug|Any CPU.Build.0 = Debug|x64
		{0247C94D-5FD1-45D6-9312-7440317F6C40}.Debug|Any CPU.Deploy.0 = Debug|x64
		{0247C94D-5FD1-45D6-9312-7440317F6C40}.Debug|ARM.ActiveCfg = Debug|ARM
		{0247C94D-5FD1-45D6-9312-7440317F6C40}.Debug|ARM.Build.0 = Debug|ARM
		{0247C94D-5FD1-45D6-9312-7440317F6C40}.Debug|ARM.Deploy.0 = Debug|ARM
		{0247C94D-5FD1-45D6-9312-7440317F6C40}.Debug|ARM64.ActiveCfg = Debug|ARM64
		{0247C94D-5FD1-45D6-9312-7440317F6C40}.Debug|ARM64.Build.0 = Debug|ARM64
		{0247C94D-5FD1-45D6-9312-7440317F6C40}.Debug|ARM64.Deploy.0 = Debug|ARM64
		{0247C94D-5FD1-45D6-9312-7440317F6C40}.Debug|x64.ActiveCfg = Debug|x64
		{0247C94D-5FD1-45D6-9312-7440317F6C40}.Debug|x64.Build.0 = Debug|x64
		{0247C94D-5FD1-45D6-9312-7440317F6C40}.Debug|x64.Deploy.0 = Debug|x64
		{0247C94D-5FD1-45D6-9312-7440317F6C40}.Debug|x86.ActiveCfg = Debug|x86
		{0247C94D-5FD1-45D6-9312-7440317F6C40}.Debug|x86.Build.0 = Debug|x86
		{0247C94D-5FD1-45D6-9312-7440317F6C40}.Debug|x86.Deploy.0 = Debug|x86
		{0247C94D-5FD1-45D6-9312-7440317F6C40}.Insider|Any CPU.ActiveCfg = Release|x86
		{0247C94D-5FD1-45D6-9312-7440317F6C40}.Insider|Any CPU.Build.0 = Release|x86
		{0247C94D-5FD1-45D6-9312-7440317F6C40}.Insider|Any CPU.Deploy.0 = Release|x86
		{0247C94D-5FD1-45D6-9312-7440317F6C40}.Insider|ARM.ActiveCfg = Release|ARM
		{0247C94D-5FD1-45D6-9312-7440317F6C40}.Insider|ARM.Build.0 = Release|ARM
		{0247C94D-5FD1-45D6-9312-7440317F6C40}.Insider|ARM.Deploy.0 = Release|ARM
		{0247C94D-5FD1-45D6-9312-7440317F6C40}.Insider|ARM64.ActiveCfg = Release|ARM64
		{0247C94D-5FD1-45D6-9312-7440317F6C40}.Insider|ARM64.Build.0 = Release|ARM64
		{0247C94D-5FD1-45D6-9312-7440317F6C40}.Insider|ARM64.Deploy.0 = Release|ARM64
		{0247C94D-5FD1-45D6-9312-7440317F6C40}.Insider|x64.ActiveCfg = Insider|x64
		{0247C94D-5FD1-45D6-9312-7440317F6C40}.Insider|x64.Build.0 = Insider|x64
		{0247C94D-5FD1-45D6-9312-7440317F6C40}.Insider|x64.Deploy.0 = Insider|x64
		{0247C94D-5FD1-45D6-9312-7440317F6C40}.Insider|x86.ActiveCfg = Release|x86
		{0247C94D-5FD1-45D6-9312-7440317F6C40}.Insider|x86.Build.0 = Release|x86
		{0247C94D-5FD1-45D6-9312-7440317F6C40}.Insider|x86.Deploy.0 = Release|x86
		{0247C94D-5FD1-45D6-9312-7440317F6C40}.Release|Any CPU.ActiveCfg = Release|x64
		{0247C94D-5FD1-45D6-9312-7440317F6C40}.Release|Any CPU.Build.0 = Release|x64
		{0247C94D-5FD1-45D6-9312-7440317F6C40}.Release|Any CPU.Deploy.0 = Release|x64
		{0247C94D-5FD1-45D6-9312-7440317F6C40}.Release|ARM.ActiveCfg = Release|ARM
		{0247C94D-5FD1-45D6-9312-7440317F6C40}.Release|ARM.Build.0 = Release|ARM
		{0247C94D-5FD1-45D6-9312-7440317F6C40}.Release|ARM.Deploy.0 = Release|ARM
		{0247C94D-5FD1-45D6-9312-7440317F6C40}.Release|ARM64.ActiveCfg = Release|ARM64
		{0247C94D-5FD1-45D6-9312-7440317F6C40}.Release|ARM64.Build.0 = Release|ARM64
		{0247C94D-5FD1-45D6-9312-7440317F6C40}.Release|ARM64.Deploy.0 = Release|ARM64
		{0247C94D-5FD1-45D6-9312-7440317F6C40}.Release|x64.ActiveCfg = Release|x64
		{0247C94D-5FD1-45D6-9312-7440317F6C40}.Release|x64.Build.0 = Release|x64
		{0247C94D-5FD1-45D6-9312-7440317F6C40}.Release|x64.Deploy.0 = Release|x64
		{0247C94D-5FD1-45D6-9312-7440317F6C40}.Release|x86.ActiveCfg = Release|x86
		{0247C94D-5FD1-45D6-9312-7440317F6C40}.Release|x86.Build.0 = Release|x86
		{0247C94D-5FD1-45D6-9312-7440317F6C40}.Release|x86.Deploy.0 = Release|x86
		{E069A285-68FE-43C7-957F-9CC6BBF17BCE}.Alpha|Any CPU.ActiveCfg = Alpha|Any CPU
		{E069A285-68FE-43C7-957F-9CC6BBF17BCE}.Alpha|Any CPU.Build.0 = Alpha|Any CPU
		{E069A285-68FE-43C7-957F-9CC6BBF17BCE}.Alpha|ARM.ActiveCfg = Alpha|Any CPU
		{E069A285-68FE-43C7-957F-9CC6BBF17BCE}.Alpha|ARM.Build.0 = Alpha|Any CPU
		{E069A285-68FE-43C7-957F-9CC6BBF17BCE}.Alpha|ARM64.ActiveCfg = Alpha|Any CPU
		{E069A285-68FE-43C7-957F-9CC6BBF17BCE}.Alpha|ARM64.Build.0 = Alpha|Any CPU
		{E069A285-68FE-43C7-957F-9CC6BBF17BCE}.Alpha|x64.ActiveCfg = Alpha|Any CPU
		{E069A285-68FE-43C7-957F-9CC6BBF17BCE}.Alpha|x64.Build.0 = Alpha|Any CPU
		{E069A285-68FE-43C7-957F-9CC6BBF17BCE}.Alpha|x86.ActiveCfg = Alpha|Any CPU
		{E069A285-68FE-43C7-957F-9CC6BBF17BCE}.Alpha|x86.Build.0 = Alpha|Any CPU
		{E069A285-68FE-43C7-957F-9CC6BBF17BCE}.Debug|Any CPU.ActiveCfg = Debug|Any CPU
		{E069A285-68FE-43C7-957F-9CC6BBF17BCE}.Debug|Any CPU.Build.0 = Debug|Any CPU
		{E069A285-68FE-43C7-957F-9CC6BBF17BCE}.Debug|ARM.ActiveCfg = Debug|Any CPU
		{E069A285-68FE-43C7-957F-9CC6BBF17BCE}.Debug|ARM.Build.0 = Debug|Any CPU
		{E069A285-68FE-43C7-957F-9CC6BBF17BCE}.Debug|ARM64.ActiveCfg = Debug|Any CPU
		{E069A285-68FE-43C7-957F-9CC6BBF17BCE}.Debug|ARM64.Build.0 = Debug|Any CPU
		{E069A285-68FE-43C7-957F-9CC6BBF17BCE}.Debug|x64.ActiveCfg = Debug|Any CPU
		{E069A285-68FE-43C7-957F-9CC6BBF17BCE}.Debug|x64.Build.0 = Debug|Any CPU
		{E069A285-68FE-43C7-957F-9CC6BBF17BCE}.Debug|x86.ActiveCfg = Debug|Any CPU
		{E069A285-68FE-43C7-957F-9CC6BBF17BCE}.Debug|x86.Build.0 = Debug|Any CPU
		{E069A285-68FE-43C7-957F-9CC6BBF17BCE}.Insider|Any CPU.ActiveCfg = Release|Any CPU
		{E069A285-68FE-43C7-957F-9CC6BBF17BCE}.Insider|Any CPU.Build.0 = Release|Any CPU
		{E069A285-68FE-43C7-957F-9CC6BBF17BCE}.Insider|ARM.ActiveCfg = Release|Any CPU
		{E069A285-68FE-43C7-957F-9CC6BBF17BCE}.Insider|ARM.Build.0 = Release|Any CPU
		{E069A285-68FE-43C7-957F-9CC6BBF17BCE}.Insider|ARM64.ActiveCfg = Release|Any CPU
		{E069A285-68FE-43C7-957F-9CC6BBF17BCE}.Insider|ARM64.Build.0 = Release|Any CPU
		{E069A285-68FE-43C7-957F-9CC6BBF17BCE}.Insider|x64.ActiveCfg = Insider|Any CPU
		{E069A285-68FE-43C7-957F-9CC6BBF17BCE}.Insider|x64.Build.0 = Insider|Any CPU
		{E069A285-68FE-43C7-957F-9CC6BBF17BCE}.Insider|x86.ActiveCfg = Release|Any CPU
		{E069A285-68FE-43C7-957F-9CC6BBF17BCE}.Insider|x86.Build.0 = Release|Any CPU
		{E069A285-68FE-43C7-957F-9CC6BBF17BCE}.Release|Any CPU.ActiveCfg = Release|Any CPU
		{E069A285-68FE-43C7-957F-9CC6BBF17BCE}.Release|Any CPU.Build.0 = Release|Any CPU
		{E069A285-68FE-43C7-957F-9CC6BBF17BCE}.Release|ARM.ActiveCfg = Release|Any CPU
		{E069A285-68FE-43C7-957F-9CC6BBF17BCE}.Release|ARM.Build.0 = Release|Any CPU
		{E069A285-68FE-43C7-957F-9CC6BBF17BCE}.Release|ARM64.ActiveCfg = Release|Any CPU
		{E069A285-68FE-43C7-957F-9CC6BBF17BCE}.Release|ARM64.Build.0 = Release|Any CPU
		{E069A285-68FE-43C7-957F-9CC6BBF17BCE}.Release|x64.ActiveCfg = Release|Any CPU
		{E069A285-68FE-43C7-957F-9CC6BBF17BCE}.Release|x64.Build.0 = Release|Any CPU
		{E069A285-68FE-43C7-957F-9CC6BBF17BCE}.Release|x86.ActiveCfg = Release|Any CPU
		{E069A285-68FE-43C7-957F-9CC6BBF17BCE}.Release|x86.Build.0 = Release|Any CPU
		{43360223-1CD9-4962-84CC-0698F6D11837}.Alpha|Any CPU.ActiveCfg = Alpha|Any CPU
		{43360223-1CD9-4962-84CC-0698F6D11837}.Alpha|Any CPU.Build.0 = Alpha|Any CPU
		{43360223-1CD9-4962-84CC-0698F6D11837}.Alpha|ARM.ActiveCfg = Alpha|Any CPU
		{43360223-1CD9-4962-84CC-0698F6D11837}.Alpha|ARM.Build.0 = Alpha|Any CPU
		{43360223-1CD9-4962-84CC-0698F6D11837}.Alpha|ARM64.ActiveCfg = Alpha|Any CPU
		{43360223-1CD9-4962-84CC-0698F6D11837}.Alpha|ARM64.Build.0 = Alpha|Any CPU
		{43360223-1CD9-4962-84CC-0698F6D11837}.Alpha|x64.ActiveCfg = Alpha|Any CPU
		{43360223-1CD9-4962-84CC-0698F6D11837}.Alpha|x64.Build.0 = Alpha|Any CPU
		{43360223-1CD9-4962-84CC-0698F6D11837}.Alpha|x86.ActiveCfg = Alpha|Any CPU
		{43360223-1CD9-4962-84CC-0698F6D11837}.Alpha|x86.Build.0 = Alpha|Any CPU
		{43360223-1CD9-4962-84CC-0698F6D11837}.Debug|Any CPU.ActiveCfg = Debug|Any CPU
		{43360223-1CD9-4962-84CC-0698F6D11837}.Debug|Any CPU.Build.0 = Debug|Any CPU
		{43360223-1CD9-4962-84CC-0698F6D11837}.Debug|ARM.ActiveCfg = Debug|Any CPU
		{43360223-1CD9-4962-84CC-0698F6D11837}.Debug|ARM.Build.0 = Debug|Any CPU
		{43360223-1CD9-4962-84CC-0698F6D11837}.Debug|ARM64.ActiveCfg = Debug|Any CPU
		{43360223-1CD9-4962-84CC-0698F6D11837}.Debug|ARM64.Build.0 = Debug|Any CPU
		{43360223-1CD9-4962-84CC-0698F6D11837}.Debug|x64.ActiveCfg = Debug|Any CPU
		{43360223-1CD9-4962-84CC-0698F6D11837}.Debug|x64.Build.0 = Debug|Any CPU
		{43360223-1CD9-4962-84CC-0698F6D11837}.Debug|x86.ActiveCfg = Debug|Any CPU
		{43360223-1CD9-4962-84CC-0698F6D11837}.Debug|x86.Build.0 = Debug|Any CPU
		{43360223-1CD9-4962-84CC-0698F6D11837}.Insider|Any CPU.ActiveCfg = Release|Any CPU
		{43360223-1CD9-4962-84CC-0698F6D11837}.Insider|Any CPU.Build.0 = Release|Any CPU
		{43360223-1CD9-4962-84CC-0698F6D11837}.Insider|ARM.ActiveCfg = Release|Any CPU
		{43360223-1CD9-4962-84CC-0698F6D11837}.Insider|ARM.Build.0 = Release|Any CPU
		{43360223-1CD9-4962-84CC-0698F6D11837}.Insider|ARM64.ActiveCfg = Release|Any CPU
		{43360223-1CD9-4962-84CC-0698F6D11837}.Insider|ARM64.Build.0 = Release|Any CPU
		{43360223-1CD9-4962-84CC-0698F6D11837}.Insider|x64.ActiveCfg = Insider|Any CPU
		{43360223-1CD9-4962-84CC-0698F6D11837}.Insider|x64.Build.0 = Insider|Any CPU
		{43360223-1CD9-4962-84CC-0698F6D11837}.Insider|x86.ActiveCfg = Release|Any CPU
		{43360223-1CD9-4962-84CC-0698F6D11837}.Insider|x86.Build.0 = Release|Any CPU
		{43360223-1CD9-4962-84CC-0698F6D11837}.Release|Any CPU.ActiveCfg = Release|Any CPU
		{43360223-1CD9-4962-84CC-0698F6D11837}.Release|Any CPU.Build.0 = Release|Any CPU
		{43360223-1CD9-4962-84CC-0698F6D11837}.Release|ARM.ActiveCfg = Release|Any CPU
		{43360223-1CD9-4962-84CC-0698F6D11837}.Release|ARM.Build.0 = Release|Any CPU
		{43360223-1CD9-4962-84CC-0698F6D11837}.Release|ARM64.ActiveCfg = Release|Any CPU
		{43360223-1CD9-4962-84CC-0698F6D11837}.Release|ARM64.Build.0 = Release|Any CPU
		{43360223-1CD9-4962-84CC-0698F6D11837}.Release|x64.ActiveCfg = Release|Any CPU
		{43360223-1CD9-4962-84CC-0698F6D11837}.Release|x64.Build.0 = Release|Any CPU
		{43360223-1CD9-4962-84CC-0698F6D11837}.Release|x86.ActiveCfg = Release|Any CPU
		{43360223-1CD9-4962-84CC-0698F6D11837}.Release|x86.Build.0 = Release|Any CPU
		{CEBA2186-BA2C-4616-BEEE-01E0F899A4A1}.Alpha|Any CPU.ActiveCfg = Alpha|Any CPU
		{CEBA2186-BA2C-4616-BEEE-01E0F899A4A1}.Alpha|Any CPU.Build.0 = Alpha|Any CPU
		{CEBA2186-BA2C-4616-BEEE-01E0F899A4A1}.Alpha|ARM.ActiveCfg = Alpha|Any CPU
		{CEBA2186-BA2C-4616-BEEE-01E0F899A4A1}.Alpha|ARM.Build.0 = Alpha|Any CPU
		{CEBA2186-BA2C-4616-BEEE-01E0F899A4A1}.Alpha|ARM64.ActiveCfg = Alpha|Any CPU
		{CEBA2186-BA2C-4616-BEEE-01E0F899A4A1}.Alpha|ARM64.Build.0 = Alpha|Any CPU
		{CEBA2186-BA2C-4616-BEEE-01E0F899A4A1}.Alpha|x64.ActiveCfg = Alpha|Any CPU
		{CEBA2186-BA2C-4616-BEEE-01E0F899A4A1}.Alpha|x64.Build.0 = Alpha|Any CPU
		{CEBA2186-BA2C-4616-BEEE-01E0F899A4A1}.Alpha|x86.ActiveCfg = Alpha|Any CPU
		{CEBA2186-BA2C-4616-BEEE-01E0F899A4A1}.Alpha|x86.Build.0 = Alpha|Any CPU
		{CEBA2186-BA2C-4616-BEEE-01E0F899A4A1}.Debug|Any CPU.ActiveCfg = Debug|Any CPU
		{CEBA2186-BA2C-4616-BEEE-01E0F899A4A1}.Debug|Any CPU.Build.0 = Debug|Any CPU
		{CEBA2186-BA2C-4616-BEEE-01E0F899A4A1}.Debug|ARM.ActiveCfg = Debug|Any CPU
		{CEBA2186-BA2C-4616-BEEE-01E0F899A4A1}.Debug|ARM.Build.0 = Debug|Any CPU
		{CEBA2186-BA2C-4616-BEEE-01E0F899A4A1}.Debug|ARM64.ActiveCfg = Debug|Any CPU
		{CEBA2186-BA2C-4616-BEEE-01E0F899A4A1}.Debug|ARM64.Build.0 = Debug|Any CPU
		{CEBA2186-BA2C-4616-BEEE-01E0F899A4A1}.Debug|x64.ActiveCfg = Debug|Any CPU
		{CEBA2186-BA2C-4616-BEEE-01E0F899A4A1}.Debug|x64.Build.0 = Debug|Any CPU
		{CEBA2186-BA2C-4616-BEEE-01E0F899A4A1}.Debug|x86.ActiveCfg = Debug|Any CPU
		{CEBA2186-BA2C-4616-BEEE-01E0F899A4A1}.Debug|x86.Build.0 = Debug|Any CPU
		{CEBA2186-BA2C-4616-BEEE-01E0F899A4A1}.Insider|Any CPU.ActiveCfg = Release|Any CPU
		{CEBA2186-BA2C-4616-BEEE-01E0F899A4A1}.Insider|Any CPU.Build.0 = Release|Any CPU
		{CEBA2186-BA2C-4616-BEEE-01E0F899A4A1}.Insider|ARM.ActiveCfg = Release|Any CPU
		{CEBA2186-BA2C-4616-BEEE-01E0F899A4A1}.Insider|ARM.Build.0 = Release|Any CPU
		{CEBA2186-BA2C-4616-BEEE-01E0F899A4A1}.Insider|ARM64.ActiveCfg = Release|Any CPU
		{CEBA2186-BA2C-4616-BEEE-01E0F899A4A1}.Insider|ARM64.Build.0 = Release|Any CPU
		{CEBA2186-BA2C-4616-BEEE-01E0F899A4A1}.Insider|x64.ActiveCfg = Insider|Any CPU
		{CEBA2186-BA2C-4616-BEEE-01E0F899A4A1}.Insider|x64.Build.0 = Insider|Any CPU
		{CEBA2186-BA2C-4616-BEEE-01E0F899A4A1}.Insider|x86.ActiveCfg = Release|Any CPU
		{CEBA2186-BA2C-4616-BEEE-01E0F899A4A1}.Insider|x86.Build.0 = Release|Any CPU
		{CEBA2186-BA2C-4616-BEEE-01E0F899A4A1}.Release|Any CPU.ActiveCfg = Release|Any CPU
		{CEBA2186-BA2C-4616-BEEE-01E0F899A4A1}.Release|Any CPU.Build.0 = Release|Any CPU
		{CEBA2186-BA2C-4616-BEEE-01E0F899A4A1}.Release|ARM.ActiveCfg = Release|Any CPU
		{CEBA2186-BA2C-4616-BEEE-01E0F899A4A1}.Release|ARM.Build.0 = Release|Any CPU
		{CEBA2186-BA2C-4616-BEEE-01E0F899A4A1}.Release|ARM64.ActiveCfg = Release|Any CPU
		{CEBA2186-BA2C-4616-BEEE-01E0F899A4A1}.Release|ARM64.Build.0 = Release|Any CPU
		{CEBA2186-BA2C-4616-BEEE-01E0F899A4A1}.Release|x64.ActiveCfg = Release|Any CPU
		{CEBA2186-BA2C-4616-BEEE-01E0F899A4A1}.Release|x64.Build.0 = Release|Any CPU
		{CEBA2186-BA2C-4616-BEEE-01E0F899A4A1}.Release|x86.ActiveCfg = Release|Any CPU
		{CEBA2186-BA2C-4616-BEEE-01E0F899A4A1}.Release|x86.Build.0 = Release|Any CPU
		{E20B2927-0C9E-437F-9B51-B76BAE2EF67C}.Alpha|Any CPU.ActiveCfg = Alpha|Any CPU
		{E20B2927-0C9E-437F-9B51-B76BAE2EF67C}.Alpha|Any CPU.Build.0 = Alpha|Any CPU
		{E20B2927-0C9E-437F-9B51-B76BAE2EF67C}.Alpha|ARM.ActiveCfg = Alpha|Any CPU
		{E20B2927-0C9E-437F-9B51-B76BAE2EF67C}.Alpha|ARM.Build.0 = Alpha|Any CPU
		{E20B2927-0C9E-437F-9B51-B76BAE2EF67C}.Alpha|ARM64.ActiveCfg = Alpha|Any CPU
		{E20B2927-0C9E-437F-9B51-B76BAE2EF67C}.Alpha|ARM64.Build.0 = Alpha|Any CPU
		{E20B2927-0C9E-437F-9B51-B76BAE2EF67C}.Alpha|x64.ActiveCfg = Alpha|Any CPU
		{E20B2927-0C9E-437F-9B51-B76BAE2EF67C}.Alpha|x64.Build.0 = Alpha|Any CPU
		{E20B2927-0C9E-437F-9B51-B76BAE2EF67C}.Alpha|x86.ActiveCfg = Alpha|Any CPU
		{E20B2927-0C9E-437F-9B51-B76BAE2EF67C}.Alpha|x86.Build.0 = Alpha|Any CPU
		{E20B2927-0C9E-437F-9B51-B76BAE2EF67C}.Debug|Any CPU.ActiveCfg = Debug|Any CPU
		{E20B2927-0C9E-437F-9B51-B76BAE2EF67C}.Debug|Any CPU.Build.0 = Debug|Any CPU
		{E20B2927-0C9E-437F-9B51-B76BAE2EF67C}.Debug|ARM.ActiveCfg = Debug|Any CPU
		{E20B2927-0C9E-437F-9B51-B76BAE2EF67C}.Debug|ARM.Build.0 = Debug|Any CPU
		{E20B2927-0C9E-437F-9B51-B76BAE2EF67C}.Debug|ARM64.ActiveCfg = Debug|Any CPU
		{E20B2927-0C9E-437F-9B51-B76BAE2EF67C}.Debug|ARM64.Build.0 = Debug|Any CPU
		{E20B2927-0C9E-437F-9B51-B76BAE2EF67C}.Debug|x64.ActiveCfg = Debug|Any CPU
		{E20B2927-0C9E-437F-9B51-B76BAE2EF67C}.Debug|x64.Build.0 = Debug|Any CPU
		{E20B2927-0C9E-437F-9B51-B76BAE2EF67C}.Debug|x86.ActiveCfg = Debug|Any CPU
		{E20B2927-0C9E-437F-9B51-B76BAE2EF67C}.Debug|x86.Build.0 = Debug|Any CPU
		{E20B2927-0C9E-437F-9B51-B76BAE2EF67C}.Insider|Any CPU.ActiveCfg = Release|Any CPU
		{E20B2927-0C9E-437F-9B51-B76BAE2EF67C}.Insider|Any CPU.Build.0 = Release|Any CPU
		{E20B2927-0C9E-437F-9B51-B76BAE2EF67C}.Insider|ARM.ActiveCfg = Release|Any CPU
		{E20B2927-0C9E-437F-9B51-B76BAE2EF67C}.Insider|ARM.Build.0 = Release|Any CPU
		{E20B2927-0C9E-437F-9B51-B76BAE2EF67C}.Insider|ARM64.ActiveCfg = Release|Any CPU
		{E20B2927-0C9E-437F-9B51-B76BAE2EF67C}.Insider|ARM64.Build.0 = Release|Any CPU
		{E20B2927-0C9E-437F-9B51-B76BAE2EF67C}.Insider|x64.ActiveCfg = Insider|Any CPU
		{E20B2927-0C9E-437F-9B51-B76BAE2EF67C}.Insider|x64.Build.0 = Insider|Any CPU
		{E20B2927-0C9E-437F-9B51-B76BAE2EF67C}.Insider|x86.ActiveCfg = Release|Any CPU
		{E20B2927-0C9E-437F-9B51-B76BAE2EF67C}.Insider|x86.Build.0 = Release|Any CPU
		{E20B2927-0C9E-437F-9B51-B76BAE2EF67C}.Release|Any CPU.ActiveCfg = Release|Any CPU
		{E20B2927-0C9E-437F-9B51-B76BAE2EF67C}.Release|Any CPU.Build.0 = Release|Any CPU
		{E20B2927-0C9E-437F-9B51-B76BAE2EF67C}.Release|ARM.ActiveCfg = Release|Any CPU
		{E20B2927-0C9E-437F-9B51-B76BAE2EF67C}.Release|ARM.Build.0 = Release|Any CPU
		{E20B2927-0C9E-437F-9B51-B76BAE2EF67C}.Release|ARM64.ActiveCfg = Release|Any CPU
		{E20B2927-0C9E-437F-9B51-B76BAE2EF67C}.Release|ARM64.Build.0 = Release|Any CPU
		{E20B2927-0C9E-437F-9B51-B76BAE2EF67C}.Release|x64.ActiveCfg = Release|Any CPU
		{E20B2927-0C9E-437F-9B51-B76BAE2EF67C}.Release|x64.Build.0 = Release|Any CPU
		{E20B2927-0C9E-437F-9B51-B76BAE2EF67C}.Release|x86.ActiveCfg = Release|Any CPU
		{E20B2927-0C9E-437F-9B51-B76BAE2EF67C}.Release|x86.Build.0 = Release|Any CPU
		{D5C342A2-FB47-4D19-8073-E7F15EE43F24}.Alpha|Any CPU.ActiveCfg = Alpha|Any CPU
		{D5C342A2-FB47-4D19-8073-E7F15EE43F24}.Alpha|Any CPU.Build.0 = Alpha|Any CPU
		{D5C342A2-FB47-4D19-8073-E7F15EE43F24}.Alpha|ARM.ActiveCfg = Alpha|Any CPU
		{D5C342A2-FB47-4D19-8073-E7F15EE43F24}.Alpha|ARM.Build.0 = Alpha|Any CPU
		{D5C342A2-FB47-4D19-8073-E7F15EE43F24}.Alpha|ARM64.ActiveCfg = Alpha|Any CPU
		{D5C342A2-FB47-4D19-8073-E7F15EE43F24}.Alpha|ARM64.Build.0 = Alpha|Any CPU
		{D5C342A2-FB47-4D19-8073-E7F15EE43F24}.Alpha|x64.ActiveCfg = Alpha|Any CPU
		{D5C342A2-FB47-4D19-8073-E7F15EE43F24}.Alpha|x64.Build.0 = Alpha|Any CPU
		{D5C342A2-FB47-4D19-8073-E7F15EE43F24}.Alpha|x86.ActiveCfg = Alpha|Any CPU
		{D5C342A2-FB47-4D19-8073-E7F15EE43F24}.Alpha|x86.Build.0 = Alpha|Any CPU
		{D5C342A2-FB47-4D19-8073-E7F15EE43F24}.Debug|Any CPU.ActiveCfg = Debug|Any CPU
		{D5C342A2-FB47-4D19-8073-E7F15EE43F24}.Debug|Any CPU.Build.0 = Debug|Any CPU
		{D5C342A2-FB47-4D19-8073-E7F15EE43F24}.Debug|ARM.ActiveCfg = Debug|Any CPU
		{D5C342A2-FB47-4D19-8073-E7F15EE43F24}.Debug|ARM.Build.0 = Debug|Any CPU
		{D5C342A2-FB47-4D19-8073-E7F15EE43F24}.Debug|ARM64.ActiveCfg = Debug|Any CPU
		{D5C342A2-FB47-4D19-8073-E7F15EE43F24}.Debug|ARM64.Build.0 = Debug|Any CPU
		{D5C342A2-FB47-4D19-8073-E7F15EE43F24}.Debug|x64.ActiveCfg = Debug|Any CPU
		{D5C342A2-FB47-4D19-8073-E7F15EE43F24}.Debug|x64.Build.0 = Debug|Any CPU
		{D5C342A2-FB47-4D19-8073-E7F15EE43F24}.Debug|x86.ActiveCfg = Debug|Any CPU
		{D5C342A2-FB47-4D19-8073-E7F15EE43F24}.Debug|x86.Build.0 = Debug|Any CPU
		{D5C342A2-FB47-4D19-8073-E7F15EE43F24}.Insider|Any CPU.ActiveCfg = Debug|Any CPU
		{D5C342A2-FB47-4D19-8073-E7F15EE43F24}.Insider|Any CPU.Build.0 = Debug|Any CPU
		{D5C342A2-FB47-4D19-8073-E7F15EE43F24}.Insider|ARM.ActiveCfg = Debug|Any CPU
		{D5C342A2-FB47-4D19-8073-E7F15EE43F24}.Insider|ARM.Build.0 = Debug|Any CPU
		{D5C342A2-FB47-4D19-8073-E7F15EE43F24}.Insider|ARM64.ActiveCfg = Debug|Any CPU
		{D5C342A2-FB47-4D19-8073-E7F15EE43F24}.Insider|ARM64.Build.0 = Debug|Any CPU
		{D5C342A2-FB47-4D19-8073-E7F15EE43F24}.Insider|x64.ActiveCfg = Insider|Any CPU
		{D5C342A2-FB47-4D19-8073-E7F15EE43F24}.Insider|x64.Build.0 = Insider|Any CPU
		{D5C342A2-FB47-4D19-8073-E7F15EE43F24}.Insider|x86.ActiveCfg = Debug|Any CPU
		{D5C342A2-FB47-4D19-8073-E7F15EE43F24}.Insider|x86.Build.0 = Debug|Any CPU
		{D5C342A2-FB47-4D19-8073-E7F15EE43F24}.Release|Any CPU.ActiveCfg = Release|Any CPU
		{D5C342A2-FB47-4D19-8073-E7F15EE43F24}.Release|Any CPU.Build.0 = Release|Any CPU
		{D5C342A2-FB47-4D19-8073-E7F15EE43F24}.Release|ARM.ActiveCfg = Release|Any CPU
		{D5C342A2-FB47-4D19-8073-E7F15EE43F24}.Release|ARM.Build.0 = Release|Any CPU
		{D5C342A2-FB47-4D19-8073-E7F15EE43F24}.Release|ARM64.ActiveCfg = Release|Any CPU
		{D5C342A2-FB47-4D19-8073-E7F15EE43F24}.Release|ARM64.Build.0 = Release|Any CPU
		{D5C342A2-FB47-4D19-8073-E7F15EE43F24}.Release|x64.ActiveCfg = Release|Any CPU
		{D5C342A2-FB47-4D19-8073-E7F15EE43F24}.Release|x64.Build.0 = Release|Any CPU
		{D5C342A2-FB47-4D19-8073-E7F15EE43F24}.Release|x86.ActiveCfg = Release|Any CPU
		{D5C342A2-FB47-4D19-8073-E7F15EE43F24}.Release|x86.Build.0 = Release|Any CPU
		{D34F80C0-0316-43C3-BBE9-7AF099A1C6A0}.Alpha|Any CPU.ActiveCfg = Alpha|Any CPU
		{D34F80C0-0316-43C3-BBE9-7AF099A1C6A0}.Alpha|Any CPU.Build.0 = Alpha|Any CPU
		{D34F80C0-0316-43C3-BBE9-7AF099A1C6A0}.Alpha|ARM.ActiveCfg = Alpha|Any CPU
		{D34F80C0-0316-43C3-BBE9-7AF099A1C6A0}.Alpha|ARM.Build.0 = Alpha|Any CPU
		{D34F80C0-0316-43C3-BBE9-7AF099A1C6A0}.Alpha|ARM64.ActiveCfg = Alpha|Any CPU
		{D34F80C0-0316-43C3-BBE9-7AF099A1C6A0}.Alpha|ARM64.Build.0 = Alpha|Any CPU
		{D34F80C0-0316-43C3-BBE9-7AF099A1C6A0}.Alpha|x64.ActiveCfg = Alpha|Any CPU
		{D34F80C0-0316-43C3-BBE9-7AF099A1C6A0}.Alpha|x64.Build.0 = Alpha|Any CPU
		{D34F80C0-0316-43C3-BBE9-7AF099A1C6A0}.Alpha|x86.ActiveCfg = Alpha|Any CPU
		{D34F80C0-0316-43C3-BBE9-7AF099A1C6A0}.Alpha|x86.Build.0 = Alpha|Any CPU
		{D34F80C0-0316-43C3-BBE9-7AF099A1C6A0}.Debug|Any CPU.ActiveCfg = Debug|Any CPU
		{D34F80C0-0316-43C3-BBE9-7AF099A1C6A0}.Debug|Any CPU.Build.0 = Debug|Any CPU
		{D34F80C0-0316-43C3-BBE9-7AF099A1C6A0}.Debug|ARM.ActiveCfg = Debug|Any CPU
		{D34F80C0-0316-43C3-BBE9-7AF099A1C6A0}.Debug|ARM.Build.0 = Debug|Any CPU
		{D34F80C0-0316-43C3-BBE9-7AF099A1C6A0}.Debug|ARM64.ActiveCfg = Debug|Any CPU
		{D34F80C0-0316-43C3-BBE9-7AF099A1C6A0}.Debug|ARM64.Build.0 = Debug|Any CPU
		{D34F80C0-0316-43C3-BBE9-7AF099A1C6A0}.Debug|x64.ActiveCfg = Debug|Any CPU
		{D34F80C0-0316-43C3-BBE9-7AF099A1C6A0}.Debug|x64.Build.0 = Debug|Any CPU
		{D34F80C0-0316-43C3-BBE9-7AF099A1C6A0}.Debug|x86.ActiveCfg = Debug|Any CPU
		{D34F80C0-0316-43C3-BBE9-7AF099A1C6A0}.Debug|x86.Build.0 = Debug|Any CPU
		{D34F80C0-0316-43C3-BBE9-7AF099A1C6A0}.Insider|Any CPU.ActiveCfg = Insider|Any CPU
		{D34F80C0-0316-43C3-BBE9-7AF099A1C6A0}.Insider|Any CPU.Build.0 = Insider|Any CPU
		{D34F80C0-0316-43C3-BBE9-7AF099A1C6A0}.Insider|ARM.ActiveCfg = Insider|Any CPU
		{D34F80C0-0316-43C3-BBE9-7AF099A1C6A0}.Insider|ARM.Build.0 = Insider|Any CPU
		{D34F80C0-0316-43C3-BBE9-7AF099A1C6A0}.Insider|ARM64.ActiveCfg = Insider|Any CPU
		{D34F80C0-0316-43C3-BBE9-7AF099A1C6A0}.Insider|ARM64.Build.0 = Insider|Any CPU
		{D34F80C0-0316-43C3-BBE9-7AF099A1C6A0}.Insider|x64.ActiveCfg = Insider|Any CPU
		{D34F80C0-0316-43C3-BBE9-7AF099A1C6A0}.Insider|x64.Build.0 = Insider|Any CPU
		{D34F80C0-0316-43C3-BBE9-7AF099A1C6A0}.Insider|x86.ActiveCfg = Insider|Any CPU
		{D34F80C0-0316-43C3-BBE9-7AF099A1C6A0}.Insider|x86.Build.0 = Insider|Any CPU
		{D34F80C0-0316-43C3-BBE9-7AF099A1C6A0}.Release|Any CPU.ActiveCfg = Release|Any CPU
		{D34F80C0-0316-43C3-BBE9-7AF099A1C6A0}.Release|Any CPU.Build.0 = Release|Any CPU
		{D34F80C0-0316-43C3-BBE9-7AF099A1C6A0}.Release|ARM.ActiveCfg = Release|Any CPU
		{D34F80C0-0316-43C3-BBE9-7AF099A1C6A0}.Release|ARM.Build.0 = Release|Any CPU
		{D34F80C0-0316-43C3-BBE9-7AF099A1C6A0}.Release|ARM64.ActiveCfg = Release|Any CPU
		{D34F80C0-0316-43C3-BBE9-7AF099A1C6A0}.Release|ARM64.Build.0 = Release|Any CPU
		{D34F80C0-0316-43C3-BBE9-7AF099A1C6A0}.Release|x64.ActiveCfg = Release|Any CPU
		{D34F80C0-0316-43C3-BBE9-7AF099A1C6A0}.Release|x64.Build.0 = Release|Any CPU
		{D34F80C0-0316-43C3-BBE9-7AF099A1C6A0}.Release|x86.ActiveCfg = Release|Any CPU
		{D34F80C0-0316-43C3-BBE9-7AF099A1C6A0}.Release|x86.Build.0 = Release|Any CPU
	EndGlobalSection
	GlobalSection(SolutionProperties) = preSolution
		HideSolutionNode = FALSE
	EndGlobalSection
	GlobalSection(NestedProjects) = preSolution
		{43360223-1CD9-4962-84CC-0698F6D11837} = {511E4047-6CBD-4255-B153-06E3EF5361C0}
		{CEBA2186-BA2C-4616-BEEE-01E0F899A4A1} = {511E4047-6CBD-4255-B153-06E3EF5361C0}
		{D5C342A2-FB47-4D19-8073-E7F15EE43F24} = {511E4047-6CBD-4255-B153-06E3EF5361C0}
		{D34F80C0-0316-43C3-BBE9-7AF099A1C6A0} = {511E4047-6CBD-4255-B153-06E3EF5361C0}
	EndGlobalSection
	GlobalSection(ExtensibilityGlobals) = postSolution
		SolutionGuid = {2B4323A3-5C28-4929-AB1C-20CE992D6024}
	EndGlobalSection
EndGlobal
