Microsoft Visual Studio Solution File, Format Version 12.00
# Visual Studio Version 16
VisualStudioVersion = 16.0.28803.452
MinimumVisualStudioVersion = 10.0.40219.1
Project("{2150E333-8FDC-42A3-9474-1A3956D46DE8}") = "Old", "Old", "{DE4F0E6F-1C65-469D-95CC-1B6F466C680F}"
EndProject
Project("{2150E333-8FDC-42A3-9474-1A3956D46DE8}") = "API", "API", "{F9EED7D1-4597-4BC1-BEFE-5F4C6D5B1A7C}"
EndProject
Project("{2150E333-8FDC-42A3-9474-1A3956D46DE8}") = "Libs", "Libs", "{1606927E-BD6E-447A-B8B4-92B8ED3B2D85}"
EndProject
Project("{2150E333-8FDC-42A3-9474-1A3956D46DE8}") = "Test", "Test", "{659A6537-ADA1-4A34-8E7B-963DEBFD4F84}"
EndProject
Project("{2150E333-8FDC-42A3-9474-1A3956D46DE8}") = "Tasks", "Tasks", "{88720A99-6006-4455-9704-935478F7D93B}"
EndProject
Project("{FAE04EC0-301F-11D3-BF4B-00C04F79EFBC}") = "DiscordAPI", "src\_APIs\DiscordAPI\DiscordAPI.csproj", "{03C1FC3A-410F-46D9-802B-316C7280E180}"
EndProject
Project("{FAE04EC0-301F-11D3-BF4B-00C04F79EFBC}") = "GiphyAPI", "src\_APIs\GiphyAPI\GiphyAPI.csproj", "{CF993DF8-E392-44B4-AFA7-4DA1750D24F2}"
EndProject
Project("{D954291E-2A0B-460D-934E-DC6B0785DB48}") = "Quarrel.Shared", "src\_Tasks\Quarrel.Shared\Quarrel.Shared.shproj", "{4B411328-A42F-4BF2-B7B9-5DC44B9006BC}"
EndProject
Project("{FAE04EC0-301F-11D3-BF4B-00C04F79EFBC}") = "DiscordBackgroundTask1", "old\DiscordBackgroundTask1\DiscordBackgroundTask1.csproj", "{89E34785-A142-43DC-8916-41CD073E9BBE}"
EndProject
Project("{FAE04EC0-301F-11D3-BF4B-00C04F79EFBC}") = "InvisibleBackgroundTask", "old\InvisibleBackgroundTask\InvisibleBackgroundTask.csproj", "{54FC239A-42F9-4E75-A001-61098D6416A7}"
EndProject
Project("{FAE04EC0-301F-11D3-BF4B-00C04F79EFBC}") = "Quarrel-Old", "old\Discord UWP\Quarrel-Old.csproj", "{BA48EDC4-2A93-4CA0-99B5-DFA8AED075A4}"
EndProject
Project("{FAE04EC0-301F-11D3-BF4B-00C04F79EFBC}") = "UpdateNotificationTask", "old\UpdateNotificationTask\UpdateNotificationTask.csproj", "{E8978980-DA38-480B-850B-0BBD28BAA6FC}"
EndProject
Project("{FAE04EC0-301F-11D3-BF4B-00C04F79EFBC}") = "Tester", "src\_Test\Tester\Tester.csproj", "{8856F3DC-9BAE-4545-A8BA-103C4DD7857A}"
EndProject
Project("{FAE04EC0-301F-11D3-BF4B-00C04F79EFBC}") = "NamedPipeServer", "src\_Libs\NamedPipeServer\NamedPipeServer.csproj", "{1D0FE2AB-1288-40EB-9408-9AA73F30D264}"
EndProject
Project("{FAE04EC0-301F-11D3-BF4B-00C04F79EFBC}") = "OpusWrapper", "src\_Libs\Opus.NET\OpusWrapper\OpusWrapper.csproj", "{838BDB0B-5EB1-4C1E-9026-0A8842AC00C6}"
EndProject
Project("{FAE04EC0-301F-11D3-BF4B-00C04F79EFBC}") = "QuarrelRichPresence", "src\_Libs\QuarrelPresenceAPI\QuarrelRichPresence.csproj", "{FD3CEAFE-AD69-43E3-9D26-80F2E2ABD2B8}"
EndProject
Project("{FAE04EC0-301F-11D3-BF4B-00C04F79EFBC}") = "RuntimeComponent", "src\_Libs\RuntimeComponent\RuntimeComponent.csproj", "{7A537745-CE73-4C4A-9FC5-0B6D28CA891C}"
EndProject
Project("{8BC9CEB8-8B4A-11D0-8D11-00A0C91BC942}") = "SodiumC", "src\_Libs\SodiumC\SodiumC.vcxproj", "{E7AC7946-CA02-4DD6-A168-37AC806F9E18}"
EndProject
Project("{FAE04EC0-301F-11D3-BF4B-00C04F79EFBC}") = "Quarrel", "src\Quarrel\Quarrel.csproj", "{63365B53-1CE1-4F12-BDD8-D93FC3DC8AF3}"
EndProject
Project("{FAE04EC0-301F-11D3-BF4B-00C04F79EFBC}") = "DiscordAPI-Old", "old\DiscordAPI-Old\DiscordAPI-Old.csproj", "{A4E1C8F0-DD41-44E3-9457-23B470380713}"
EndProject
Global
	GlobalSection(SharedMSBuildProjectFiles) = preSolution
		src\_Tasks\Quarrel.Shared\Quarrel.Shared.projitems*{4b411328-a42f-4bf2-b7b9-5dc44b9006bc}*SharedItemsImports = 13
		src\_Tasks\Quarrel.Shared\Quarrel.Shared.projitems*{63365b53-1ce1-4f12-bdd8-d93fc3dc8af3}*SharedItemsImports = 4
	EndGlobalSection
	GlobalSection(SolutionConfigurationPlatforms) = preSolution
		Debug|Any CPU = Debug|Any CPU
		Debug|ARM = Debug|ARM
		Debug|ARM64 = Debug|ARM64
		Debug|x64 = Debug|x64
		Debug|x86 = Debug|x86
		Release|Any CPU = Release|Any CPU
		Release|ARM = Release|ARM
		Release|ARM64 = Release|ARM64
		Release|x64 = Release|x64
		Release|x86 = Release|x86
	EndGlobalSection
	GlobalSection(ProjectConfigurationPlatforms) = postSolution
		{03C1FC3A-410F-46D9-802B-316C7280E180}.Debug|Any CPU.ActiveCfg = Debug|x86
		{03C1FC3A-410F-46D9-802B-316C7280E180}.Debug|ARM.ActiveCfg = Debug|ARM
		{03C1FC3A-410F-46D9-802B-316C7280E180}.Debug|ARM.Build.0 = Debug|ARM
		{03C1FC3A-410F-46D9-802B-316C7280E180}.Debug|ARM64.ActiveCfg = Debug|x86
		{03C1FC3A-410F-46D9-802B-316C7280E180}.Debug|x64.ActiveCfg = Debug|x64
		{03C1FC3A-410F-46D9-802B-316C7280E180}.Debug|x64.Build.0 = Debug|x64
		{03C1FC3A-410F-46D9-802B-316C7280E180}.Debug|x86.ActiveCfg = Debug|x86
		{03C1FC3A-410F-46D9-802B-316C7280E180}.Debug|x86.Build.0 = Debug|x86
		{03C1FC3A-410F-46D9-802B-316C7280E180}.Release|Any CPU.ActiveCfg = Release|x86
		{03C1FC3A-410F-46D9-802B-316C7280E180}.Release|ARM.ActiveCfg = Release|ARM
		{03C1FC3A-410F-46D9-802B-316C7280E180}.Release|ARM.Build.0 = Release|ARM
		{03C1FC3A-410F-46D9-802B-316C7280E180}.Release|ARM64.ActiveCfg = Release|x86
		{03C1FC3A-410F-46D9-802B-316C7280E180}.Release|x64.ActiveCfg = Release|x64
		{03C1FC3A-410F-46D9-802B-316C7280E180}.Release|x64.Build.0 = Release|x64
		{03C1FC3A-410F-46D9-802B-316C7280E180}.Release|x86.ActiveCfg = Release|x86
		{03C1FC3A-410F-46D9-802B-316C7280E180}.Release|x86.Build.0 = Release|x86
		{CF993DF8-E392-44B4-AFA7-4DA1750D24F2}.Debug|Any CPU.ActiveCfg = Debug|x86
		{CF993DF8-E392-44B4-AFA7-4DA1750D24F2}.Debug|ARM.ActiveCfg = Debug|ARM
		{CF993DF8-E392-44B4-AFA7-4DA1750D24F2}.Debug|ARM.Build.0 = Debug|ARM
		{CF993DF8-E392-44B4-AFA7-4DA1750D24F2}.Debug|ARM64.ActiveCfg = Debug|x86
		{CF993DF8-E392-44B4-AFA7-4DA1750D24F2}.Debug|x64.ActiveCfg = Debug|x64
		{CF993DF8-E392-44B4-AFA7-4DA1750D24F2}.Debug|x64.Build.0 = Debug|x64
		{CF993DF8-E392-44B4-AFA7-4DA1750D24F2}.Debug|x86.ActiveCfg = Debug|x86
		{CF993DF8-E392-44B4-AFA7-4DA1750D24F2}.Debug|x86.Build.0 = Debug|x86
		{CF993DF8-E392-44B4-AFA7-4DA1750D24F2}.Release|Any CPU.ActiveCfg = Release|x86
		{CF993DF8-E392-44B4-AFA7-4DA1750D24F2}.Release|ARM.ActiveCfg = Release|ARM
		{CF993DF8-E392-44B4-AFA7-4DA1750D24F2}.Release|ARM.Build.0 = Release|ARM
		{CF993DF8-E392-44B4-AFA7-4DA1750D24F2}.Release|ARM64.ActiveCfg = Release|x86
		{CF993DF8-E392-44B4-AFA7-4DA1750D24F2}.Release|x64.ActiveCfg = Release|x64
		{CF993DF8-E392-44B4-AFA7-4DA1750D24F2}.Release|x64.Build.0 = Release|x64
		{CF993DF8-E392-44B4-AFA7-4DA1750D24F2}.Release|x86.ActiveCfg = Release|x86
		{CF993DF8-E392-44B4-AFA7-4DA1750D24F2}.Release|x86.Build.0 = Release|x86
		{89E34785-A142-43DC-8916-41CD073E9BBE}.Debug|Any CPU.ActiveCfg = Debug|x86
		{89E34785-A142-43DC-8916-41CD073E9BBE}.Debug|ARM.ActiveCfg = Debug|ARM
		{89E34785-A142-43DC-8916-41CD073E9BBE}.Debug|ARM.Build.0 = Debug|ARM
		{89E34785-A142-43DC-8916-41CD073E9BBE}.Debug|ARM64.ActiveCfg = Debug|x86
		{89E34785-A142-43DC-8916-41CD073E9BBE}.Debug|x64.ActiveCfg = Debug|x64
		{89E34785-A142-43DC-8916-41CD073E9BBE}.Debug|x64.Build.0 = Debug|x64
		{89E34785-A142-43DC-8916-41CD073E9BBE}.Debug|x86.ActiveCfg = Debug|x86
		{89E34785-A142-43DC-8916-41CD073E9BBE}.Debug|x86.Build.0 = Debug|x86
		{89E34785-A142-43DC-8916-41CD073E9BBE}.Release|Any CPU.ActiveCfg = Release|x86
		{89E34785-A142-43DC-8916-41CD073E9BBE}.Release|ARM.ActiveCfg = Release|ARM
		{89E34785-A142-43DC-8916-41CD073E9BBE}.Release|ARM.Build.0 = Release|ARM
		{89E34785-A142-43DC-8916-41CD073E9BBE}.Release|ARM64.ActiveCfg = Release|x86
		{89E34785-A142-43DC-8916-41CD073E9BBE}.Release|x64.ActiveCfg = Release|x64
		{89E34785-A142-43DC-8916-41CD073E9BBE}.Release|x64.Build.0 = Release|x64
		{89E34785-A142-43DC-8916-41CD073E9BBE}.Release|x86.ActiveCfg = Release|x86
		{89E34785-A142-43DC-8916-41CD073E9BBE}.Release|x86.Build.0 = Release|x86
		{54FC239A-42F9-4E75-A001-61098D6416A7}.Debug|Any CPU.ActiveCfg = Debug|Any CPU
		{54FC239A-42F9-4E75-A001-61098D6416A7}.Debug|Any CPU.Build.0 = Debug|Any CPU
		{54FC239A-42F9-4E75-A001-61098D6416A7}.Debug|ARM.ActiveCfg = Debug|ARM
		{54FC239A-42F9-4E75-A001-61098D6416A7}.Debug|ARM.Build.0 = Debug|ARM
		{54FC239A-42F9-4E75-A001-61098D6416A7}.Debug|ARM64.ActiveCfg = Debug|Any CPU
		{54FC239A-42F9-4E75-A001-61098D6416A7}.Debug|ARM64.Build.0 = Debug|Any CPU
		{54FC239A-42F9-4E75-A001-61098D6416A7}.Debug|x64.ActiveCfg = Debug|x64
		{54FC239A-42F9-4E75-A001-61098D6416A7}.Debug|x64.Build.0 = Debug|x64
		{54FC239A-42F9-4E75-A001-61098D6416A7}.Debug|x86.ActiveCfg = Debug|x86
		{54FC239A-42F9-4E75-A001-61098D6416A7}.Debug|x86.Build.0 = Debug|x86
		{54FC239A-42F9-4E75-A001-61098D6416A7}.Release|Any CPU.ActiveCfg = Release|Any CPU
		{54FC239A-42F9-4E75-A001-61098D6416A7}.Release|Any CPU.Build.0 = Release|Any CPU
		{54FC239A-42F9-4E75-A001-61098D6416A7}.Release|ARM.ActiveCfg = Release|ARM
		{54FC239A-42F9-4E75-A001-61098D6416A7}.Release|ARM.Build.0 = Release|ARM
		{54FC239A-42F9-4E75-A001-61098D6416A7}.Release|ARM64.ActiveCfg = Release|Any CPU
		{54FC239A-42F9-4E75-A001-61098D6416A7}.Release|ARM64.Build.0 = Release|Any CPU
		{54FC239A-42F9-4E75-A001-61098D6416A7}.Release|x64.ActiveCfg = Release|x64
		{54FC239A-42F9-4E75-A001-61098D6416A7}.Release|x64.Build.0 = Release|x64
		{54FC239A-42F9-4E75-A001-61098D6416A7}.Release|x86.ActiveCfg = Release|x86
		{54FC239A-42F9-4E75-A001-61098D6416A7}.Release|x86.Build.0 = Release|x86
		{BA48EDC4-2A93-4CA0-99B5-DFA8AED075A4}.Debug|Any CPU.ActiveCfg = Debug|x86
		{BA48EDC4-2A93-4CA0-99B5-DFA8AED075A4}.Debug|ARM.ActiveCfg = Debug|ARM
		{BA48EDC4-2A93-4CA0-99B5-DFA8AED075A4}.Debug|ARM.Build.0 = Debug|ARM
		{BA48EDC4-2A93-4CA0-99B5-DFA8AED075A4}.Debug|ARM.Deploy.0 = Debug|ARM
		{BA48EDC4-2A93-4CA0-99B5-DFA8AED075A4}.Debug|ARM64.ActiveCfg = Debug|x86
		{BA48EDC4-2A93-4CA0-99B5-DFA8AED075A4}.Debug|x64.ActiveCfg = Debug|x64
		{BA48EDC4-2A93-4CA0-99B5-DFA8AED075A4}.Debug|x64.Build.0 = Debug|x64
		{BA48EDC4-2A93-4CA0-99B5-DFA8AED075A4}.Debug|x64.Deploy.0 = Debug|x64
		{BA48EDC4-2A93-4CA0-99B5-DFA8AED075A4}.Debug|x86.ActiveCfg = Debug|x86
		{BA48EDC4-2A93-4CA0-99B5-DFA8AED075A4}.Debug|x86.Build.0 = Debug|x86
		{BA48EDC4-2A93-4CA0-99B5-DFA8AED075A4}.Debug|x86.Deploy.0 = Debug|x86
		{BA48EDC4-2A93-4CA0-99B5-DFA8AED075A4}.Release|Any CPU.ActiveCfg = Release|x86
		{BA48EDC4-2A93-4CA0-99B5-DFA8AED075A4}.Release|ARM.ActiveCfg = Release|ARM
		{BA48EDC4-2A93-4CA0-99B5-DFA8AED075A4}.Release|ARM.Build.0 = Release|ARM
		{BA48EDC4-2A93-4CA0-99B5-DFA8AED075A4}.Release|ARM.Deploy.0 = Release|ARM
		{BA48EDC4-2A93-4CA0-99B5-DFA8AED075A4}.Release|ARM64.ActiveCfg = Release|x86
		{BA48EDC4-2A93-4CA0-99B5-DFA8AED075A4}.Release|x64.ActiveCfg = Release|x64
		{BA48EDC4-2A93-4CA0-99B5-DFA8AED075A4}.Release|x64.Build.0 = Release|x64
		{BA48EDC4-2A93-4CA0-99B5-DFA8AED075A4}.Release|x64.Deploy.0 = Release|x64
		{BA48EDC4-2A93-4CA0-99B5-DFA8AED075A4}.Release|x86.ActiveCfg = Release|x86
		{BA48EDC4-2A93-4CA0-99B5-DFA8AED075A4}.Release|x86.Build.0 = Release|x86
		{BA48EDC4-2A93-4CA0-99B5-DFA8AED075A4}.Release|x86.Deploy.0 = Release|x86
		{E8978980-DA38-480B-850B-0BBD28BAA6FC}.Debug|Any CPU.ActiveCfg = Debug|x86
		{E8978980-DA38-480B-850B-0BBD28BAA6FC}.Debug|ARM.ActiveCfg = Debug|ARM
		{E8978980-DA38-480B-850B-0BBD28BAA6FC}.Debug|ARM.Build.0 = Debug|ARM
		{E8978980-DA38-480B-850B-0BBD28BAA6FC}.Debug|ARM64.ActiveCfg = Debug|x86
		{E8978980-DA38-480B-850B-0BBD28BAA6FC}.Debug|x64.ActiveCfg = Debug|x64
		{E8978980-DA38-480B-850B-0BBD28BAA6FC}.Debug|x64.Build.0 = Debug|x64
		{E8978980-DA38-480B-850B-0BBD28BAA6FC}.Debug|x86.ActiveCfg = Debug|x86
		{E8978980-DA38-480B-850B-0BBD28BAA6FC}.Debug|x86.Build.0 = Debug|x86
		{E8978980-DA38-480B-850B-0BBD28BAA6FC}.Release|Any CPU.ActiveCfg = Release|x86
		{E8978980-DA38-480B-850B-0BBD28BAA6FC}.Release|ARM.ActiveCfg = Release|ARM
		{E8978980-DA38-480B-850B-0BBD28BAA6FC}.Release|ARM.Build.0 = Release|ARM
		{E8978980-DA38-480B-850B-0BBD28BAA6FC}.Release|ARM64.ActiveCfg = Release|x86
		{E8978980-DA38-480B-850B-0BBD28BAA6FC}.Release|x64.ActiveCfg = Release|x64
		{E8978980-DA38-480B-850B-0BBD28BAA6FC}.Release|x64.Build.0 = Release|x64
		{E8978980-DA38-480B-850B-0BBD28BAA6FC}.Release|x86.ActiveCfg = Release|x86
		{E8978980-DA38-480B-850B-0BBD28BAA6FC}.Release|x86.Build.0 = Release|x86
		{8856F3DC-9BAE-4545-A8BA-103C4DD7857A}.Debug|Any CPU.ActiveCfg = Debug|x86
		{8856F3DC-9BAE-4545-A8BA-103C4DD7857A}.Debug|ARM.ActiveCfg = Debug|ARM
		{8856F3DC-9BAE-4545-A8BA-103C4DD7857A}.Debug|ARM.Build.0 = Debug|ARM
		{8856F3DC-9BAE-4545-A8BA-103C4DD7857A}.Debug|ARM.Deploy.0 = Debug|ARM
		{8856F3DC-9BAE-4545-A8BA-103C4DD7857A}.Debug|ARM64.ActiveCfg = Debug|x86
		{8856F3DC-9BAE-4545-A8BA-103C4DD7857A}.Debug|x64.ActiveCfg = Debug|x64
		{8856F3DC-9BAE-4545-A8BA-103C4DD7857A}.Debug|x64.Build.0 = Debug|x64
		{8856F3DC-9BAE-4545-A8BA-103C4DD7857A}.Debug|x64.Deploy.0 = Debug|x64
		{8856F3DC-9BAE-4545-A8BA-103C4DD7857A}.Debug|x86.ActiveCfg = Debug|x86
		{8856F3DC-9BAE-4545-A8BA-103C4DD7857A}.Debug|x86.Build.0 = Debug|x86
		{8856F3DC-9BAE-4545-A8BA-103C4DD7857A}.Debug|x86.Deploy.0 = Debug|x86
		{8856F3DC-9BAE-4545-A8BA-103C4DD7857A}.Release|Any CPU.ActiveCfg = Release|x86
		{8856F3DC-9BAE-4545-A8BA-103C4DD7857A}.Release|ARM.ActiveCfg = Release|ARM
		{8856F3DC-9BAE-4545-A8BA-103C4DD7857A}.Release|ARM.Build.0 = Release|ARM
		{8856F3DC-9BAE-4545-A8BA-103C4DD7857A}.Release|ARM.Deploy.0 = Release|ARM
		{8856F3DC-9BAE-4545-A8BA-103C4DD7857A}.Release|ARM64.ActiveCfg = Release|x86
		{8856F3DC-9BAE-4545-A8BA-103C4DD7857A}.Release|x64.ActiveCfg = Release|x64
		{8856F3DC-9BAE-4545-A8BA-103C4DD7857A}.Release|x64.Build.0 = Release|x64
		{8856F3DC-9BAE-4545-A8BA-103C4DD7857A}.Release|x64.Deploy.0 = Release|x64
		{8856F3DC-9BAE-4545-A8BA-103C4DD7857A}.Release|x86.ActiveCfg = Release|x86
		{8856F3DC-9BAE-4545-A8BA-103C4DD7857A}.Release|x86.Build.0 = Release|x86
		{8856F3DC-9BAE-4545-A8BA-103C4DD7857A}.Release|x86.Deploy.0 = Release|x86
		{1D0FE2AB-1288-40EB-9408-9AA73F30D264}.Debug|Any CPU.ActiveCfg = Debug|Any CPU
		{1D0FE2AB-1288-40EB-9408-9AA73F30D264}.Debug|Any CPU.Build.0 = Debug|Any CPU
		{1D0FE2AB-1288-40EB-9408-9AA73F30D264}.Debug|ARM.ActiveCfg = Debug|Any CPU
		{1D0FE2AB-1288-40EB-9408-9AA73F30D264}.Debug|ARM.Build.0 = Debug|Any CPU
		{1D0FE2AB-1288-40EB-9408-9AA73F30D264}.Debug|ARM64.ActiveCfg = Debug|Any CPU
		{1D0FE2AB-1288-40EB-9408-9AA73F30D264}.Debug|ARM64.Build.0 = Debug|Any CPU
		{1D0FE2AB-1288-40EB-9408-9AA73F30D264}.Debug|x64.ActiveCfg = Debug|Any CPU
		{1D0FE2AB-1288-40EB-9408-9AA73F30D264}.Debug|x64.Build.0 = Debug|Any CPU
		{1D0FE2AB-1288-40EB-9408-9AA73F30D264}.Debug|x86.ActiveCfg = Debug|Any CPU
		{1D0FE2AB-1288-40EB-9408-9AA73F30D264}.Debug|x86.Build.0 = Debug|Any CPU
		{1D0FE2AB-1288-40EB-9408-9AA73F30D264}.Release|Any CPU.ActiveCfg = Release|Any CPU
		{1D0FE2AB-1288-40EB-9408-9AA73F30D264}.Release|Any CPU.Build.0 = Release|Any CPU
		{1D0FE2AB-1288-40EB-9408-9AA73F30D264}.Release|ARM.ActiveCfg = Release|Any CPU
		{1D0FE2AB-1288-40EB-9408-9AA73F30D264}.Release|ARM.Build.0 = Release|Any CPU
		{1D0FE2AB-1288-40EB-9408-9AA73F30D264}.Release|ARM64.ActiveCfg = Release|Any CPU
		{1D0FE2AB-1288-40EB-9408-9AA73F30D264}.Release|ARM64.Build.0 = Release|Any CPU
		{1D0FE2AB-1288-40EB-9408-9AA73F30D264}.Release|x64.ActiveCfg = Release|Any CPU
		{1D0FE2AB-1288-40EB-9408-9AA73F30D264}.Release|x64.Build.0 = Release|Any CPU
		{1D0FE2AB-1288-40EB-9408-9AA73F30D264}.Release|x86.ActiveCfg = Release|Any CPU
		{1D0FE2AB-1288-40EB-9408-9AA73F30D264}.Release|x86.Build.0 = Release|Any CPU
		{838BDB0B-5EB1-4C1E-9026-0A8842AC00C6}.Debug|Any CPU.ActiveCfg = Debug|Any CPU
		{838BDB0B-5EB1-4C1E-9026-0A8842AC00C6}.Debug|Any CPU.Build.0 = Debug|Any CPU
		{838BDB0B-5EB1-4C1E-9026-0A8842AC00C6}.Debug|ARM.ActiveCfg = Debug|Any CPU
		{838BDB0B-5EB1-4C1E-9026-0A8842AC00C6}.Debug|ARM.Build.0 = Debug|Any CPU
		{838BDB0B-5EB1-4C1E-9026-0A8842AC00C6}.Debug|ARM64.ActiveCfg = Debug|Any CPU
		{838BDB0B-5EB1-4C1E-9026-0A8842AC00C6}.Debug|ARM64.Build.0 = Debug|Any CPU
		{838BDB0B-5EB1-4C1E-9026-0A8842AC00C6}.Debug|x64.ActiveCfg = Debug|Any CPU
		{838BDB0B-5EB1-4C1E-9026-0A8842AC00C6}.Debug|x64.Build.0 = Debug|Any CPU
		{838BDB0B-5EB1-4C1E-9026-0A8842AC00C6}.Debug|x86.ActiveCfg = Debug|Any CPU
		{838BDB0B-5EB1-4C1E-9026-0A8842AC00C6}.Debug|x86.Build.0 = Debug|Any CPU
		{838BDB0B-5EB1-4C1E-9026-0A8842AC00C6}.Release|Any CPU.ActiveCfg = Release|Any CPU
		{838BDB0B-5EB1-4C1E-9026-0A8842AC00C6}.Release|Any CPU.Build.0 = Release|Any CPU
		{838BDB0B-5EB1-4C1E-9026-0A8842AC00C6}.Release|ARM.ActiveCfg = Release|Any CPU
		{838BDB0B-5EB1-4C1E-9026-0A8842AC00C6}.Release|ARM.Build.0 = Release|Any CPU
		{838BDB0B-5EB1-4C1E-9026-0A8842AC00C6}.Release|ARM64.ActiveCfg = Release|Any CPU
		{838BDB0B-5EB1-4C1E-9026-0A8842AC00C6}.Release|ARM64.Build.0 = Release|Any CPU
		{838BDB0B-5EB1-4C1E-9026-0A8842AC00C6}.Release|x64.ActiveCfg = Release|Any CPU
		{838BDB0B-5EB1-4C1E-9026-0A8842AC00C6}.Release|x64.Build.0 = Release|Any CPU
		{838BDB0B-5EB1-4C1E-9026-0A8842AC00C6}.Release|x86.ActiveCfg = Release|Any CPU
		{838BDB0B-5EB1-4C1E-9026-0A8842AC00C6}.Release|x86.Build.0 = Release|Any CPU
		{FD3CEAFE-AD69-43E3-9D26-80F2E2ABD2B8}.Debug|Any CPU.ActiveCfg = Debug|Any CPU
		{FD3CEAFE-AD69-43E3-9D26-80F2E2ABD2B8}.Debug|Any CPU.Build.0 = Debug|Any CPU
		{FD3CEAFE-AD69-43E3-9D26-80F2E2ABD2B8}.Debug|ARM.ActiveCfg = Debug|ARM
		{FD3CEAFE-AD69-43E3-9D26-80F2E2ABD2B8}.Debug|ARM.Build.0 = Debug|ARM
		{FD3CEAFE-AD69-43E3-9D26-80F2E2ABD2B8}.Debug|ARM64.ActiveCfg = Debug|Any CPU
		{FD3CEAFE-AD69-43E3-9D26-80F2E2ABD2B8}.Debug|ARM64.Build.0 = Debug|Any CPU
		{FD3CEAFE-AD69-43E3-9D26-80F2E2ABD2B8}.Debug|x64.ActiveCfg = Debug|x64
		{FD3CEAFE-AD69-43E3-9D26-80F2E2ABD2B8}.Debug|x64.Build.0 = Debug|x64
		{FD3CEAFE-AD69-43E3-9D26-80F2E2ABD2B8}.Debug|x86.ActiveCfg = Debug|x86
		{FD3CEAFE-AD69-43E3-9D26-80F2E2ABD2B8}.Debug|x86.Build.0 = Debug|x86
		{FD3CEAFE-AD69-43E3-9D26-80F2E2ABD2B8}.Release|Any CPU.ActiveCfg = Release|Any CPU
		{FD3CEAFE-AD69-43E3-9D26-80F2E2ABD2B8}.Release|Any CPU.Build.0 = Release|Any CPU
		{FD3CEAFE-AD69-43E3-9D26-80F2E2ABD2B8}.Release|ARM.ActiveCfg = Release|ARM
		{FD3CEAFE-AD69-43E3-9D26-80F2E2ABD2B8}.Release|ARM.Build.0 = Release|ARM
		{FD3CEAFE-AD69-43E3-9D26-80F2E2ABD2B8}.Release|ARM64.ActiveCfg = Release|Any CPU
		{FD3CEAFE-AD69-43E3-9D26-80F2E2ABD2B8}.Release|ARM64.Build.0 = Release|Any CPU
		{FD3CEAFE-AD69-43E3-9D26-80F2E2ABD2B8}.Release|x64.ActiveCfg = Release|x64
		{FD3CEAFE-AD69-43E3-9D26-80F2E2ABD2B8}.Release|x64.Build.0 = Release|x64
		{FD3CEAFE-AD69-43E3-9D26-80F2E2ABD2B8}.Release|x86.ActiveCfg = Release|x86
		{FD3CEAFE-AD69-43E3-9D26-80F2E2ABD2B8}.Release|x86.Build.0 = Release|x86
		{7A537745-CE73-4C4A-9FC5-0B6D28CA891C}.Debug|Any CPU.ActiveCfg = Debug|Any CPU
		{7A537745-CE73-4C4A-9FC5-0B6D28CA891C}.Debug|Any CPU.Build.0 = Debug|Any CPU
		{7A537745-CE73-4C4A-9FC5-0B6D28CA891C}.Debug|ARM.ActiveCfg = Debug|ARM
		{7A537745-CE73-4C4A-9FC5-0B6D28CA891C}.Debug|ARM.Build.0 = Debug|ARM
		{7A537745-CE73-4C4A-9FC5-0B6D28CA891C}.Debug|ARM64.ActiveCfg = Debug|Any CPU
		{7A537745-CE73-4C4A-9FC5-0B6D28CA891C}.Debug|ARM64.Build.0 = Debug|Any CPU
		{7A537745-CE73-4C4A-9FC5-0B6D28CA891C}.Debug|x64.ActiveCfg = Debug|x64
		{7A537745-CE73-4C4A-9FC5-0B6D28CA891C}.Debug|x64.Build.0 = Debug|x64
		{7A537745-CE73-4C4A-9FC5-0B6D28CA891C}.Debug|x86.ActiveCfg = Debug|x86
		{7A537745-CE73-4C4A-9FC5-0B6D28CA891C}.Debug|x86.Build.0 = Debug|x86
		{7A537745-CE73-4C4A-9FC5-0B6D28CA891C}.Release|Any CPU.ActiveCfg = Release|Any CPU
		{7A537745-CE73-4C4A-9FC5-0B6D28CA891C}.Release|Any CPU.Build.0 = Release|Any CPU
		{7A537745-CE73-4C4A-9FC5-0B6D28CA891C}.Release|ARM.ActiveCfg = Release|ARM
		{7A537745-CE73-4C4A-9FC5-0B6D28CA891C}.Release|ARM.Build.0 = Release|ARM
		{7A537745-CE73-4C4A-9FC5-0B6D28CA891C}.Release|ARM64.ActiveCfg = Release|Any CPU
		{7A537745-CE73-4C4A-9FC5-0B6D28CA891C}.Release|ARM64.Build.0 = Release|Any CPU
		{7A537745-CE73-4C4A-9FC5-0B6D28CA891C}.Release|x64.ActiveCfg = Release|x64
		{7A537745-CE73-4C4A-9FC5-0B6D28CA891C}.Release|x64.Build.0 = Release|x64
		{7A537745-CE73-4C4A-9FC5-0B6D28CA891C}.Release|x86.ActiveCfg = Release|x86
		{7A537745-CE73-4C4A-9FC5-0B6D28CA891C}.Release|x86.Build.0 = Release|x86
		{E7AC7946-CA02-4DD6-A168-37AC806F9E18}.Debug|Any CPU.ActiveCfg = Debug|Win32
		{E7AC7946-CA02-4DD6-A168-37AC806F9E18}.Debug|ARM.ActiveCfg = Debug|ARM
		{E7AC7946-CA02-4DD6-A168-37AC806F9E18}.Debug|ARM.Build.0 = Debug|ARM
		{E7AC7946-CA02-4DD6-A168-37AC806F9E18}.Debug|ARM64.ActiveCfg = Debug|Win32
		{E7AC7946-CA02-4DD6-A168-37AC806F9E18}.Debug|x64.ActiveCfg = Debug|x64
		{E7AC7946-CA02-4DD6-A168-37AC806F9E18}.Debug|x64.Build.0 = Debug|x64
		{E7AC7946-CA02-4DD6-A168-37AC806F9E18}.Debug|x86.ActiveCfg = Debug|Win32
		{E7AC7946-CA02-4DD6-A168-37AC806F9E18}.Debug|x86.Build.0 = Debug|Win32
		{E7AC7946-CA02-4DD6-A168-37AC806F9E18}.Release|Any CPU.ActiveCfg = Release|Win32
		{E7AC7946-CA02-4DD6-A168-37AC806F9E18}.Release|ARM.ActiveCfg = Release|ARM
		{E7AC7946-CA02-4DD6-A168-37AC806F9E18}.Release|ARM.Build.0 = Release|ARM
		{E7AC7946-CA02-4DD6-A168-37AC806F9E18}.Release|ARM64.ActiveCfg = Release|Win32
		{E7AC7946-CA02-4DD6-A168-37AC806F9E18}.Release|x64.ActiveCfg = Release|x64
		{E7AC7946-CA02-4DD6-A168-37AC806F9E18}.Release|x64.Build.0 = Release|x64
		{E7AC7946-CA02-4DD6-A168-37AC806F9E18}.Release|x86.ActiveCfg = Release|Win32
		{E7AC7946-CA02-4DD6-A168-37AC806F9E18}.Release|x86.Build.0 = Release|Win32
		{63365B53-1CE1-4F12-BDD8-D93FC3DC8AF3}.Debug|Any CPU.ActiveCfg = Debug|x86
		{63365B53-1CE1-4F12-BDD8-D93FC3DC8AF3}.Debug|ARM.ActiveCfg = Debug|ARM
		{63365B53-1CE1-4F12-BDD8-D93FC3DC8AF3}.Debug|ARM.Build.0 = Debug|ARM
		{63365B53-1CE1-4F12-BDD8-D93FC3DC8AF3}.Debug|ARM.Deploy.0 = Debug|ARM
		{63365B53-1CE1-4F12-BDD8-D93FC3DC8AF3}.Debug|ARM64.ActiveCfg = Debug|ARM64
		{63365B53-1CE1-4F12-BDD8-D93FC3DC8AF3}.Debug|ARM64.Build.0 = Debug|ARM64
		{63365B53-1CE1-4F12-BDD8-D93FC3DC8AF3}.Debug|ARM64.Deploy.0 = Debug|ARM64
		{63365B53-1CE1-4F12-BDD8-D93FC3DC8AF3}.Debug|x64.ActiveCfg = Debug|x64
		{63365B53-1CE1-4F12-BDD8-D93FC3DC8AF3}.Debug|x64.Build.0 = Debug|x64
		{63365B53-1CE1-4F12-BDD8-D93FC3DC8AF3}.Debug|x64.Deploy.0 = Debug|x64
		{63365B53-1CE1-4F12-BDD8-D93FC3DC8AF3}.Debug|x86.ActiveCfg = Debug|x86
		{63365B53-1CE1-4F12-BDD8-D93FC3DC8AF3}.Debug|x86.Build.0 = Debug|x86
		{63365B53-1CE1-4F12-BDD8-D93FC3DC8AF3}.Debug|x86.Deploy.0 = Debug|x86
		{63365B53-1CE1-4F12-BDD8-D93FC3DC8AF3}.Release|Any CPU.ActiveCfg = Release|x86
		{63365B53-1CE1-4F12-BDD8-D93FC3DC8AF3}.Release|ARM.ActiveCfg = Release|ARM
		{63365B53-1CE1-4F12-BDD8-D93FC3DC8AF3}.Release|ARM.Build.0 = Release|ARM
		{63365B53-1CE1-4F12-BDD8-D93FC3DC8AF3}.Release|ARM.Deploy.0 = Release|ARM
		{63365B53-1CE1-4F12-BDD8-D93FC3DC8AF3}.Release|ARM64.ActiveCfg = Release|ARM64
		{63365B53-1CE1-4F12-BDD8-D93FC3DC8AF3}.Release|ARM64.Build.0 = Release|ARM64
		{63365B53-1CE1-4F12-BDD8-D93FC3DC8AF3}.Release|ARM64.Deploy.0 = Release|ARM64
		{63365B53-1CE1-4F12-BDD8-D93FC3DC8AF3}.Release|x64.ActiveCfg = Release|x64
		{63365B53-1CE1-4F12-BDD8-D93FC3DC8AF3}.Release|x64.Build.0 = Release|x64
		{63365B53-1CE1-4F12-BDD8-D93FC3DC8AF3}.Release|x64.Deploy.0 = Release|x64
		{63365B53-1CE1-4F12-BDD8-D93FC3DC8AF3}.Release|x86.ActiveCfg = Release|x86
		{63365B53-1CE1-4F12-BDD8-D93FC3DC8AF3}.Release|x86.Build.0 = Release|x86
		{63365B53-1CE1-4F12-BDD8-D93FC3DC8AF3}.Release|x86.Deploy.0 = Release|x86
		{A4E1C8F0-DD41-44E3-9457-23B470380713}.Debug|Any CPU.ActiveCfg = Debug|x86
		{A4E1C8F0-DD41-44E3-9457-23B470380713}.Debug|ARM.ActiveCfg = Debug|ARM
		{A4E1C8F0-DD41-44E3-9457-23B470380713}.Debug|ARM.Build.0 = Debug|ARM
		{A4E1C8F0-DD41-44E3-9457-23B470380713}.Debug|ARM64.ActiveCfg = Debug|x86
		{A4E1C8F0-DD41-44E3-9457-23B470380713}.Debug|x64.ActiveCfg = Debug|x64
		{A4E1C8F0-DD41-44E3-9457-23B470380713}.Debug|x64.Build.0 = Debug|x64
		{A4E1C8F0-DD41-44E3-9457-23B470380713}.Debug|x86.ActiveCfg = Debug|x86
		{A4E1C8F0-DD41-44E3-9457-23B470380713}.Debug|x86.Build.0 = Debug|x86
		{A4E1C8F0-DD41-44E3-9457-23B470380713}.Release|Any CPU.ActiveCfg = Release|x86
		{A4E1C8F0-DD41-44E3-9457-23B470380713}.Release|ARM.ActiveCfg = Release|ARM
		{A4E1C8F0-DD41-44E3-9457-23B470380713}.Release|ARM.Build.0 = Release|ARM
		{A4E1C8F0-DD41-44E3-9457-23B470380713}.Release|ARM64.ActiveCfg = Release|x86
		{A4E1C8F0-DD41-44E3-9457-23B470380713}.Release|x64.ActiveCfg = Release|x64
		{A4E1C8F0-DD41-44E3-9457-23B470380713}.Release|x64.Build.0 = Release|x64
		{A4E1C8F0-DD41-44E3-9457-23B470380713}.Release|x86.ActiveCfg = Release|x86
		{A4E1C8F0-DD41-44E3-9457-23B470380713}.Release|x86.Build.0 = Release|x86
	EndGlobalSection
	GlobalSection(SolutionProperties) = preSolution
		HideSolutionNode = FALSE
	EndGlobalSection
	GlobalSection(NestedProjects) = preSolution
		{03C1FC3A-410F-46D9-802B-316C7280E180} = {F9EED7D1-4597-4BC1-BEFE-5F4C6D5B1A7C}
		{CF993DF8-E392-44B4-AFA7-4DA1750D24F2} = {F9EED7D1-4597-4BC1-BEFE-5F4C6D5B1A7C}
		{4B411328-A42F-4BF2-B7B9-5DC44B9006BC} = {88720A99-6006-4455-9704-935478F7D93B}
		{89E34785-A142-43DC-8916-41CD073E9BBE} = {DE4F0E6F-1C65-469D-95CC-1B6F466C680F}
		{54FC239A-42F9-4E75-A001-61098D6416A7} = {DE4F0E6F-1C65-469D-95CC-1B6F466C680F}
		{BA48EDC4-2A93-4CA0-99B5-DFA8AED075A4} = {DE4F0E6F-1C65-469D-95CC-1B6F466C680F}
		{E8978980-DA38-480B-850B-0BBD28BAA6FC} = {DE4F0E6F-1C65-469D-95CC-1B6F466C680F}
		{8856F3DC-9BAE-4545-A8BA-103C4DD7857A} = {659A6537-ADA1-4A34-8E7B-963DEBFD4F84}
		{1D0FE2AB-1288-40EB-9408-9AA73F30D264} = {1606927E-BD6E-447A-B8B4-92B8ED3B2D85}
		{838BDB0B-5EB1-4C1E-9026-0A8842AC00C6} = {1606927E-BD6E-447A-B8B4-92B8ED3B2D85}
		{FD3CEAFE-AD69-43E3-9D26-80F2E2ABD2B8} = {1606927E-BD6E-447A-B8B4-92B8ED3B2D85}
		{7A537745-CE73-4C4A-9FC5-0B6D28CA891C} = {1606927E-BD6E-447A-B8B4-92B8ED3B2D85}
		{E7AC7946-CA02-4DD6-A168-37AC806F9E18} = {1606927E-BD6E-447A-B8B4-92B8ED3B2D85}
		{A4E1C8F0-DD41-44E3-9457-23B470380713} = {DE4F0E6F-1C65-469D-95CC-1B6F466C680F}
	EndGlobalSection
	GlobalSection(ExtensibilityGlobals) = postSolution
		SolutionGuid = {793268B2-B709-4010-BEE5-D4C758C84E61}
		RESX_CodeReferences = {"Items":[{"Expression":"\\W($File.$Key)\\W","Extensions":".cs,.xaml,.cshtml","IsCaseSensitive":true,"SingleLineComment":"\/\/"},{"Expression":"ResourceManager.GetString\\(\"($Key)\"\\)","Extensions":".cs","IsCaseSensitive":true,"SingleLineComment":"\/\/"},{"Expression":"typeof\\((\\w+\\.)*($File)\\).+\"($Key)\"|\"($Key)\".+typeof\\((\\w+\\.)*($File)\\)","Extensions":".cs","IsCaseSensitive":true,"SingleLineComment":"\/\/"},{"Expression":"\\W($Key)\\W","Extensions":".vb","IsCaseSensitive":false,"SingleLineComment":"'"},{"Expression":"\\W($File::$Key)\\W","Extensions":".cpp,.c,.hxx,.h","IsCaseSensitive":true,"SingleLineComment":"\/\/"},{"Expression":"<%\\$\\s+Resources:\\s*($File)\\s*,\\s*($Key)\\s*%>","Extensions":".aspx,.ascx","IsCaseSensitive":true,"SingleLineComment":null},{"Expression":"StringResourceKey\\.($Key)","Extensions":".cs","IsCaseSensitive":true,"SingleLineComment":"\/\/"},{"Expression":"x:Uid=\"$Key\"","Extensions":".xaml","IsCaseSensitive":false,"SingleLineComment":null}]}
	EndGlobalSection
EndGlobal
